// !$*UTF8*$!
{
	archiveVersion = 1;
	classes = {
	};
	objectVersion = 50;
	objects = {

/* Begin PBXBuildFile section */
		DBB68BFF251B3324009D9F86 /* AppDelegate.swift in Sources */ = {isa = PBXBuildFile; fileRef = DBB68BFE251B3324009D9F86 /* AppDelegate.swift */; };
		DBB68C01251B3324009D9F86 /* SceneDelegate.swift in Sources */ = {isa = PBXBuildFile; fileRef = DBB68C00251B3324009D9F86 /* SceneDelegate.swift */; };
		DBB68C03251B3324009D9F86 /* ViewController.swift in Sources */ = {isa = PBXBuildFile; fileRef = DBB68C02251B3324009D9F86 /* ViewController.swift */; };
		DBB68C06251B3324009D9F86 /* Main.storyboard in Resources */ = {isa = PBXBuildFile; fileRef = DBB68C04251B3324009D9F86 /* Main.storyboard */; };
		DBB68C08251B3327009D9F86 /* Assets.xcassets in Resources */ = {isa = PBXBuildFile; fileRef = DBB68C07251B3327009D9F86 /* Assets.xcassets */; };
		DBB68C0B251B3327009D9F86 /* LaunchScreen.storyboard in Resources */ = {isa = PBXBuildFile; fileRef = DBB68C09251B3327009D9F86 /* LaunchScreen.storyboard */; };
		DBB68C16251B3327009D9F86 /* DatePickerTests.swift in Sources */ = {isa = PBXBuildFile; fileRef = DBB68C15251B3327009D9F86 /* DatePickerTests.swift */; };
		DBB68C21251B3327009D9F86 /* DatePickerUITests.swift in Sources */ = {isa = PBXBuildFile; fileRef = DBB68C20251B3327009D9F86 /* DatePickerUITests.swift */; };
/* End PBXBuildFile section */

/* Begin PBXContainerItemProxy section */
		DBB68C12251B3327009D9F86 /* PBXContainerItemProxy */ = {
			isa = PBXContainerItemProxy;
			containerPortal = DBB68BF3251B3324009D9F86 /* Project object */;
			proxyType = 1;
			remoteGlobalIDString = DBB68BFA251B3324009D9F86;
			remoteInfo = DatePicker;
		};
		DBB68C1D251B3327009D9F86 /* PBXContainerItemProxy */ = {
			isa = PBXContainerItemProxy;
			containerPortal = DBB68BF3251B3324009D9F86 /* Project object */;
			proxyType = 1;
			remoteGlobalIDString = DBB68BFA251B3324009D9F86;
			remoteInfo = DatePicker;
		};
/* End PBXContainerItemProxy section */

/* Begin PBXFileReference section */
		DBB68BFB251B3324009D9F86 /* DatePicker.app */ = {isa = PBXFileReference; explicitFileType = wrapper.application; includeInIndex = 0; path = DatePicker.app; sourceTree = BUILT_PRODUCTS_DIR; };
		DBB68BFE251B3324009D9F86 /* AppDelegate.swift */ = {isa = PBXFileReference; lastKnownFileType = sourcecode.swift; path = AppDelegate.swift; sourceTree = "<group>"; };
		DBB68C00251B3324009D9F86 /* SceneDelegate.swift */ = {isa = PBXFileReference; lastKnownFileType = sourcecode.swift; path = SceneDelegate.swift; sourceTree = "<group>"; };
		DBB68C02251B3324009D9F86 /* ViewController.swift */ = {isa = PBXFileReference; lastKnownFileType = sourcecode.swift; path = ViewController.swift; sourceTree = "<group>"; };
		DBB68C05251B3324009D9F86 /* Base */ = {isa = PBXFileReference; lastKnownFileType = file.storyboard; name = Base; path = Base.lproj/Main.storyboard; sourceTree = "<group>"; };
		DBB68C07251B3327009D9F86 /* Assets.xcassets */ = {isa = PBXFileReference; lastKnownFileType = folder.assetcatalog; path = Assets.xcassets; sourceTree = "<group>"; };
		DBB68C0A251B3327009D9F86 /* Base */ = {isa = PBXFileReference; lastKnownFileType = file.storyboard; name = Base; path = Base.lproj/LaunchScreen.storyboard; sourceTree = "<group>"; };
		DBB68C0C251B3327009D9F86 /* Info.plist */ = {isa = PBXFileReference; lastKnownFileType = text.plist.xml; path = Info.plist; sourceTree = "<group>"; };
		DBB68C11251B3327009D9F86 /* DatePickerTests.xctest */ = {isa = PBXFileReference; explicitFileType = wrapper.cfbundle; includeInIndex = 0; path = DatePickerTests.xctest; sourceTree = BUILT_PRODUCTS_DIR; };
		DBB68C15251B3327009D9F86 /* DatePickerTests.swift */ = {isa = PBXFileReference; lastKnownFileType = sourcecode.swift; path = DatePickerTests.swift; sourceTree = "<group>"; };
		DBB68C17251B3327009D9F86 /* Info.plist */ = {isa = PBXFileReference; lastKnownFileType = text.plist.xml; path = Info.plist; sourceTree = "<group>"; };
		DBB68C1C251B3327009D9F86 /* DatePickerUITests.xctest */ = {isa = PBXFileReference; explicitFileType = wrapper.cfbundle; includeInIndex = 0; path = DatePickerUITests.xctest; sourceTree = BUILT_PRODUCTS_DIR; };
		DBB68C20251B3327009D9F86 /* DatePickerUITests.swift */ = {isa = PBXFileReference; lastKnownFileType = sourcecode.swift; path = DatePickerUITests.swift; sourceTree = "<group>"; };
		DBB68C22251B3327009D9F86 /* Info.plist */ = {isa = PBXFileReference; lastKnownFileType = text.plist.xml; path = Info.plist; sourceTree = "<group>"; };
/* End PBXFileReference section */

/* Begin PBXFrameworksBuildPhase section */
		DBB68BF8251B3324009D9F86 /* Frameworks */ = {
			isa = PBXFrameworksBuildPhase;
			buildActionMask = 2147483647;
			files = (
			);
			runOnlyForDeploymentPostprocessing = 0;
		};
		DBB68C0E251B3327009D9F86 /* Frameworks */ = {
			isa = PBXFrameworksBuildPhase;
			buildActionMask = 2147483647;
			files = (
			);
			runOnlyForDeploymentPostprocessing = 0;
		};
		DBB68C19251B3327009D9F86 /* Frameworks */ = {
			isa = PBXFrameworksBuildPhase;
			buildActionMask = 2147483647;
			files = (
			);
			runOnlyForDeploymentPostprocessing = 0;
		};
/* End PBXFrameworksBuildPhase section */

/* Begin PBXGroup section */
		DBB68BF2251B3324009D9F86 = {
			isa = PBXGroup;
			children = (
				DBB68BFD251B3324009D9F86 /* DatePicker */,
				DBB68C14251B3327009D9F86 /* DatePickerTests */,
				DBB68C1F251B3327009D9F86 /* DatePickerUITests */,
				DBB68BFC251B3324009D9F86 /* Products */,
			);
			sourceTree = "<group>";
		};
		DBB68BFC251B3324009D9F86 /* Products */ = {
			isa = PBXGroup;
			children = (
				DBB68BFB251B3324009D9F86 /* DatePicker.app */,
				DBB68C11251B3327009D9F86 /* DatePickerTests.xctest */,
				DBB68C1C251B3327009D9F86 /* DatePickerUITests.xctest */,
			);
			name = Products;
			sourceTree = "<group>";
		};
		DBB68BFD251B3324009D9F86 /* DatePicker */ = {
			isa = PBXGroup;
			children = (
				DBB68BFE251B3324009D9F86 /* AppDelegate.swift */,
				DBB68C00251B3324009D9F86 /* SceneDelegate.swift */,
				DBB68C02251B3324009D9F86 /* ViewController.swift */,
				DBB68C04251B3324009D9F86 /* Main.storyboard */,
				DBB68C07251B3327009D9F86 /* Assets.xcassets */,
				DBB68C09251B3327009D9F86 /* LaunchScreen.storyboard */,
				DBB68C0C251B3327009D9F86 /* Info.plist */,
			);
			path = DatePicker;
			sourceTree = "<group>";
		};
		DBB68C14251B3327009D9F86 /* DatePickerTests */ = {
			isa = PBXGroup;
			children = (
				DBB68C15251B3327009D9F86 /* DatePickerTests.swift */,
				DBB68C17251B3327009D9F86 /* Info.plist */,
			);
			path = DatePickerTests;
			sourceTree = "<group>";
		};
		DBB68C1F251B3327009D9F86 /* DatePickerUITests */ = {
			isa = PBXGroup;
			children = (
				DBB68C20251B3327009D9F86 /* DatePickerUITests.swift */,
				DBB68C22251B3327009D9F86 /* Info.plist */,
			);
			path = DatePickerUITests;
			sourceTree = "<group>";
		};
/* End PBXGroup section */

/* Begin PBXNativeTarget section */
		DBB68BFA251B3324009D9F86 /* DatePicker */ = {
			isa = PBXNativeTarget;
			buildConfigurationList = DBB68C25251B3327009D9F86 /* Build configuration list for PBXNativeTarget "DatePicker" */;
			buildPhases = (
				DBB68BF7251B3324009D9F86 /* Sources */,
				DBB68BF8251B3324009D9F86 /* Frameworks */,
				DBB68BF9251B3324009D9F86 /* Resources */,
			);
			buildRules = (
			);
			dependencies = (
			);
			name = DatePicker;
			productName = DatePicker;
			productReference = DBB68BFB251B3324009D9F86 /* DatePicker.app */;
			productType = "com.apple.product-type.application";
		};
		DBB68C10251B3327009D9F86 /* DatePickerTests */ = {
			isa = PBXNativeTarget;
			buildConfigurationList = DBB68C28251B3327009D9F86 /* Build configuration list for PBXNativeTarget "DatePickerTests" */;
			buildPhases = (
				DBB68C0D251B3327009D9F86 /* Sources */,
				DBB68C0E251B3327009D9F86 /* Frameworks */,
				DBB68C0F251B3327009D9F86 /* Resources */,
			);
			buildRules = (
			);
			dependencies = (
				DBB68C13251B3327009D9F86 /* PBXTargetDependency */,
			);
			name = DatePickerTests;
			productName = DatePickerTests;
			productReference = DBB68C11251B3327009D9F86 /* DatePickerTests.xctest */;
			productType = "com.apple.product-type.bundle.unit-test";
		};
		DBB68C1B251B3327009D9F86 /* DatePickerUITests */ = {
			isa = PBXNativeTarget;
			buildConfigurationList = DBB68C2B251B3327009D9F86 /* Build configuration list for PBXNativeTarget "DatePickerUITests" */;
			buildPhases = (
				DBB68C18251B3327009D9F86 /* Sources */,
				DBB68C19251B3327009D9F86 /* Frameworks */,
				DBB68C1A251B3327009D9F86 /* Resources */,
			);
			buildRules = (
			);
			dependencies = (
				DBB68C1E251B3327009D9F86 /* PBXTargetDependency */,
			);
			name = DatePickerUITests;
			productName = DatePickerUITests;
			productReference = DBB68C1C251B3327009D9F86 /* DatePickerUITests.xctest */;
			productType = "com.apple.product-type.bundle.ui-testing";
		};
/* End PBXNativeTarget section */

/* Begin PBXProject section */
		DBB68BF3251B3324009D9F86 /* Project object */ = {
			isa = PBXProject;
			attributes = {
				LastSwiftUpdateCheck = 1200;
				LastUpgradeCheck = 1200;
				TargetAttributes = {
					DBB68BFA251B3324009D9F86 = {
						CreatedOnToolsVersion = 12.0;
					};
					DBB68C10251B3327009D9F86 = {
						CreatedOnToolsVersion = 12.0;
						TestTargetID = DBB68BFA251B3324009D9F86;
					};
					DBB68C1B251B3327009D9F86 = {
						CreatedOnToolsVersion = 12.0;
						TestTargetID = DBB68BFA251B3324009D9F86;
					};
				};
			};
			buildConfigurationList = DBB68BF6251B3324009D9F86 /* Build configuration list for PBXProject "DatePicker" */;
			compatibilityVersion = "Xcode 9.3";
			developmentRegion = en;
			hasScannedForEncodings = 0;
			knownRegions = (
				en,
				Base,
			);
			mainGroup = DBB68BF2251B3324009D9F86;
			productRefGroup = DBB68BFC251B3324009D9F86 /* Products */;
			projectDirPath = "";
			projectRoot = "";
			targets = (
				DBB68BFA251B3324009D9F86 /* DatePicker */,
				DBB68C10251B3327009D9F86 /* DatePickerTests */,
				DBB68C1B251B3327009D9F86 /* DatePickerUITests */,
			);
		};
/* End PBXProject section */

/* Begin PBXResourcesBuildPhase section */
		DBB68BF9251B3324009D9F86 /* Resources */ = {
			isa = PBXResourcesBuildPhase;
			buildActionMask = 2147483647;
			files = (
				DBB68C0B251B3327009D9F86 /* LaunchScreen.storyboard in Resources */,
				DBB68C08251B3327009D9F86 /* Assets.xcassets in Resources */,
				DBB68C06251B3324009D9F86 /* Main.storyboard in Resources */,
			);
			runOnlyForDeploymentPostprocessing = 0;
		};
		DBB68C0F251B3327009D9F86 /* Resources */ = {
			isa = PBXResourcesBuildPhase;
			buildActionMask = 2147483647;
			files = (
			);
			runOnlyForDeploymentPostprocessing = 0;
		};
		DBB68C1A251B3327009D9F86 /* Resources */ = {
			isa = PBXResourcesBuildPhase;
			buildActionMask = 2147483647;
			files = (
			);
			runOnlyForDeploymentPostprocessing = 0;
		};
/* End PBXResourcesBuildPhase section */

/* Begin PBXSourcesBuildPhase section */
		DBB68BF7251B3324009D9F86 /* Sources */ = {
			isa = PBXSourcesBuildPhase;
			buildActionMask = 2147483647;
			files = (
				DBB68C03251B3324009D9F86 /* ViewController.swift in Sources */,
				DBB68BFF251B3324009D9F86 /* AppDelegate.swift in Sources */,
				DBB68C01251B3324009D9F86 /* SceneDelegate.swift in Sources */,
			);
			runOnlyForDeploymentPostprocessing = 0;
		};
		DBB68C0D251B3327009D9F86 /* Sources */ = {
			isa = PBXSourcesBuildPhase;
			buildActionMask = 2147483647;
			files = (
				DBB68C16251B3327009D9F86 /* DatePickerTests.swift in Sources */,
			);
			runOnlyForDeploymentPostprocessing = 0;
		};
		DBB68C18251B3327009D9F86 /* Sources */ = {
			isa = PBXSourcesBuildPhase;
			buildActionMask = 2147483647;
			files = (
				DBB68C21251B3327009D9F86 /* DatePickerUITests.swift in Sources */,
			);
			runOnlyForDeploymentPostprocessing = 0;
		};
/* End PBXSourcesBuildPhase section */

/* Begin PBXTargetDependency section */
		DBB68C13251B3327009D9F86 /* PBXTargetDependency */ = {
			isa = PBXTargetDependency;
			target = DBB68BFA251B3324009D9F86 /* DatePicker */;
			targetProxy = DBB68C12251B3327009D9F86 /* PBXContainerItemProxy */;
		};
		DBB68C1E251B3327009D9F86 /* PBXTargetDependency */ = {
			isa = PBXTargetDependency;
			target = DBB68BFA251B3324009D9F86 /* DatePicker */;
			targetProxy = DBB68C1D251B3327009D9F86 /* PBXContainerItemProxy */;
		};
/* End PBXTargetDependency section */

/* Begin PBXVariantGroup section */
		DBB68C04251B3324009D9F86 /* Main.storyboard */ = {
			isa = PBXVariantGroup;
			children = (
				DBB68C05251B3324009D9F86 /* Base */,
			);
			name = Main.storyboard;
			sourceTree = "<group>";
		};
		DBB68C09251B3327009D9F86 /* LaunchScreen.storyboard */ = {
			isa = PBXVariantGroup;
			children = (
				DBB68C0A251B3327009D9F86 /* Base */,
			);
			name = LaunchScreen.storyboard;
			sourceTree = "<group>";
		};
/* End PBXVariantGroup section */

/* Begin XCBuildConfiguration section */
		DBB68C23251B3327009D9F86 /* Debug */ = {
			isa = XCBuildConfiguration;
			buildSettings = {
				ALWAYS_SEARCH_USER_PATHS = NO;
				CLANG_ANALYZER_NONNULL = YES;
				CLANG_ANALYZER_NUMBER_OBJECT_CONVERSION = YES_AGGRESSIVE;
				CLANG_CXX_LANGUAGE_STANDARD = "gnu++14";
				CLANG_CXX_LIBRARY = "libc++";
				CLANG_ENABLE_MODULES = YES;
				CLANG_ENABLE_OBJC_ARC = YES;
				CLANG_ENABLE_OBJC_WEAK = YES;
				CLANG_WARN_BLOCK_CAPTURE_AUTORELEASING = YES;
				CLANG_WARN_BOOL_CONVERSION = YES;
				CLANG_WARN_COMMA = YES;
				CLANG_WARN_CONSTANT_CONVERSION = YES;
				CLANG_WARN_DEPRECATED_OBJC_IMPLEMENTATIONS = YES;
				CLANG_WARN_DIRECT_OBJC_ISA_USAGE = YES_ERROR;
				CLANG_WARN_DOCUMENTATION_COMMENTS = YES;
				CLANG_WARN_EMPTY_BODY = YES;
				CLANG_WARN_ENUM_CONVERSION = YES;
				CLANG_WARN_INFINITE_RECURSION = YES;
				CLANG_WARN_INT_CONVERSION = YES;
				CLANG_WARN_NON_LITERAL_NULL_CONVERSION = YES;
				CLANG_WARN_OBJC_IMPLICIT_RETAIN_SELF = YES;
				CLANG_WARN_OBJC_LITERAL_CONVERSION = YES;
				CLANG_WARN_OBJC_ROOT_CLASS = YES_ERROR;
				CLANG_WARN_QUOTED_INCLUDE_IN_FRAMEWORK_HEADER = YES;
				CLANG_WARN_RANGE_LOOP_ANALYSIS = YES;
				CLANG_WARN_STRICT_PROTOTYPES = YES;
				CLANG_WARN_SUSPICIOUS_MOVE = YES;
				CLANG_WARN_UNGUARDED_AVAILABILITY = YES_AGGRESSIVE;
				CLANG_WARN_UNREACHABLE_CODE = YES;
				CLANG_WARN__DUPLICATE_METHOD_MATCH = YES;
				COPY_PHASE_STRIP = NO;
				DEBUG_INFORMATION_FORMAT = dwarf;
				ENABLE_STRICT_OBJC_MSGSEND = YES;
				ENABLE_TESTABILITY = YES;
				GCC_C_LANGUAGE_STANDARD = gnu11;
				GCC_DYNAMIC_NO_PIC = NO;
				GCC_NO_COMMON_BLOCKS = YES;
				GCC_OPTIMIZATION_LEVEL = 0;
				GCC_PREPROCESSOR_DEFINITIONS = (
					"DEBUG=1",
					"$(inherited)",
				);
				GCC_WARN_64_TO_32_BIT_CONVERSION = YES;
				GCC_WARN_ABOUT_RETURN_TYPE = YES_ERROR;
				GCC_WARN_UNDECLARED_SELECTOR = YES;
				GCC_WARN_UNINITIALIZED_AUTOS = YES_AGGRESSIVE;
				GCC_WARN_UNUSED_FUNCTION = YES;
				GCC_WARN_UNUSED_VARIABLE = YES;
				IPHONEOS_DEPLOYMENT_TARGET = 14.0;
				MTL_ENABLE_DEBUG_INFO = INCLUDE_SOURCE;
				MTL_FAST_MATH = YES;
				ONLY_ACTIVE_ARCH = YES;
				SDKROOT = iphoneos;
				SWIFT_ACTIVE_COMPILATION_CONDITIONS = DEBUG;
				SWIFT_OPTIMIZATION_LEVEL = "-Onone";
			};
			name = Debug;
		};
		DBB68C24251B3327009D9F86 /* Release */ = {
			isa = XCBuildConfiguration;
			buildSettings = {
				ALWAYS_SEARCH_USER_PATHS = NO;
				CLANG_ANALYZER_NONNULL = YES;
				CLANG_ANALYZER_NUMBER_OBJECT_CONVERSION = YES_AGGRESSIVE;
				CLANG_CXX_LANGUAGE_STANDARD = "gnu++14";
				CLANG_CXX_LIBRARY = "libc++";
				CLANG_ENABLE_MODULES = YES;
				CLANG_ENABLE_OBJC_ARC = YES;
				CLANG_ENABLE_OBJC_WEAK = YES;
				CLANG_WARN_BLOCK_CAPTURE_AUTORELEASING = YES;
				CLANG_WARN_BOOL_CONVERSION = YES;
				CLANG_WARN_COMMA = YES;
				CLANG_WARN_CONSTANT_CONVERSION = YES;
				CLANG_WARN_DEPRECATED_OBJC_IMPLEMENTATIONS = YES;
				CLANG_WARN_DIRECT_OBJC_ISA_USAGE = YES_ERROR;
				CLANG_WARN_DOCUMENTATION_COMMENTS = YES;
				CLANG_WARN_EMPTY_BODY = YES;
				CLANG_WARN_ENUM_CONVERSION = YES;
				CLANG_WARN_INFINITE_RECURSION = YES;
				CLANG_WARN_INT_CONVERSION = YES;
				CLANG_WARN_NON_LITERAL_NULL_CONVERSION = YES;
				CLANG_WARN_OBJC_IMPLICIT_RETAIN_SELF = YES;
				CLANG_WARN_OBJC_LITERAL_CONVERSION = YES;
				CLANG_WARN_OBJC_ROOT_CLASS = YES_ERROR;
				CLANG_WARN_QUOTED_INCLUDE_IN_FRAMEWORK_HEADER = YES;
				CLANG_WARN_RANGE_LOOP_ANALYSIS = YES;
				CLANG_WARN_STRICT_PROTOTYPES = YES;
				CLANG_WARN_SUSPICIOUS_MOVE = YES;
				CLANG_WARN_UNGUARDED_AVAILABILITY = YES_AGGRESSIVE;
				CLANG_WARN_UNREACHABLE_CODE = YES;
				CLANG_WARN__DUPLICATE_METHOD_MATCH = YES;
				COPY_PHASE_STRIP = NO;
				DEBUG_INFORMATION_FORMAT = "dwarf-with-dsym";
				ENABLE_NS_ASSERTIONS = NO;
				ENABLE_STRICT_OBJC_MSGSEND = YES;
				GCC_C_LANGUAGE_STANDARD = gnu11;
				GCC_NO_COMMON_BLOCKS = YES;
				GCC_WARN_64_TO_32_BIT_CONVERSION = YES;
				GCC_WARN_ABOUT_RETURN_TYPE = YES_ERROR;
				GCC_WARN_UNDECLARED_SELECTOR = YES;
				GCC_WARN_UNINITIALIZED_AUTOS = YES_AGGRESSIVE;
				GCC_WARN_UNUSED_FUNCTION = YES;
				GCC_WARN_UNUSED_VARIABLE = YES;
				IPHONEOS_DEPLOYMENT_TARGET = 14.0;
				MTL_ENABLE_DEBUG_INFO = NO;
				MTL_FAST_MATH = YES;
				SDKROOT = iphoneos;
				SWIFT_COMPILATION_MODE = wholemodule;
				SWIFT_OPTIMIZATION_LEVEL = "-O";
				VALIDATE_PRODUCT = YES;
			};
			name = Release;
		};
		DBB68C26251B3327009D9F86 /* Debug */ = {
			isa = XCBuildConfiguration;
			buildSettings = {
				ASSETCATALOG_COMPILER_APPICON_NAME = AppIcon;
				ASSETCATALOG_COMPILER_GLOBAL_ACCENT_COLOR_NAME = AccentColor;
				CODE_SIGN_STYLE = Automatic;
				DEVELOPMENT_TEAM = 8JNY38S9UY;
				INFOPLIST_FILE = DatePicker/Info.plist;
				LD_RUNPATH_SEARCH_PATHS = (
					"$(inherited)",
					"@executable_path/Frameworks",
				);
				PRODUCT_BUNDLE_IDENTIFIER = Younhong.DatePicker;
				PRODUCT_NAME = "$(TARGET_NAME)";
				SWIFT_VERSION = 5.0;
				TARGETED_DEVICE_FAMILY = "1,2";
			};
			name = Debug;
		};
		DBB68C27251B3327009D9F86 /* Release */ = {
			isa = XCBuildConfiguration;
			buildSettings = {
				ASSETCATALOG_COMPILER_APPICON_NAME = AppIcon;
				ASSETCATALOG_COMPILER_GLOBAL_ACCENT_COLOR_NAME = AccentColor;
				CODE_SIGN_STYLE = Automatic;
				DEVELOPMENT_TEAM = 8JNY38S9UY;
				INFOPLIST_FILE = DatePicker/Info.plist;
				LD_RUNPATH_SEARCH_PATHS = (
					"$(inherited)",
					"@executable_path/Frameworks",
				);
				PRODUCT_BUNDLE_IDENTIFIER = Younhong.DatePicker;
				PRODUCT_NAME = "$(TARGET_NAME)";
				SWIFT_VERSION = 5.0;
				TARGETED_DEVICE_FAMILY = "1,2";
			};
			name = Release;
		};
		DBB68C29251B3327009D9F86 /* Debug */ = {
			isa = XCBuildConfiguration;
			buildSettings = {
				ALWAYS_EMBED_SWIFT_STANDARD_LIBRARIES = YES;
				BUNDLE_LOADER = "$(TEST_HOST)";
				CODE_SIGN_STYLE = Automatic;
				DEVELOPMENT_TEAM = 8JNY38S9UY;
				INFOPLIST_FILE = DatePickerTests/Info.plist;
				IPHONEOS_DEPLOYMENT_TARGET = 14.0;
				LD_RUNPATH_SEARCH_PATHS = (
					"$(inherited)",
					"@executable_path/Frameworks",
					"@loader_path/Frameworks",
				);
				PRODUCT_BUNDLE_IDENTIFIER = Younhong.DatePickerTests;
				PRODUCT_NAME = "$(TARGET_NAME)";
				SWIFT_VERSION = 5.0;
				TARGETED_DEVICE_FAMILY = "1,2";
				TEST_HOST = "$(BUILT_PRODUCTS_DIR)/DatePicker.app/DatePicker";
			};
			name = Debug;
		};
		DBB68C2A251B3327009D9F86 /* Release */ = {
			isa = XCBuildConfiguration;
			buildSettings = {
				ALWAYS_EMBED_SWIFT_STANDARD_LIBRARIES = YES;
				BUNDLE_LOADER = "$(TEST_HOST)";
				CODE_SIGN_STYLE = Automatic;
				DEVELOPMENT_TEAM = 8JNY38S9UY;
				INFOPLIST_FILE = DatePickerTests/Info.plist;
				IPHONEOS_DEPLOYMENT_TARGET = 14.0;
				LD_RUNPATH_SEARCH_PATHS = (
					"$(inherited)",
					"@executable_path/Frameworks",
					"@loader_path/Frameworks",
				);
				PRODUCT_BUNDLE_IDENTIFIER = Younhong.DatePickerTests;
				PRODUCT_NAME = "$(TARGET_NAME)";
				SWIFT_VERSION = 5.0;
				TARGETED_DEVICE_FAMILY = "1,2";
				TEST_HOST = "$(BUILT_PRODUCTS_DIR)/DatePicker.app/DatePicker";
			};
			name = Release;
		};
		DBB68C2C251B3327009D9F86 /* Debug */ = {
			isa = XCBuildConfiguration;
			buildSettings = {
				ALWAYS_EMBED_SWIFT_STANDARD_LIBRARIES = YES;
				CODE_SIGN_STYLE = Automatic;
				DEVELOPMENT_TEAM = 8JNY38S9UY;
				INFOPLIST_FILE = DatePickerUITests/Info.plist;
				LD_RUNPATH_SEARCH_PATHS = (
					"$(inherited)",
					"@executable_path/Frameworks",
					"@loader_path/Frameworks",
				);
				PRODUCT_BUNDLE_IDENTIFIER = Younhong.DatePickerUITests;
				PRODUCT_NAME = "$(TARGET_NAME)";
				SWIFT_VERSION = 5.0;
				TARGETED_DEVICE_FAMILY = "1,2";
				TEST_TARGET_NAME = DatePicker;
			};
			name = Debug;
		};
		DBB68C2D251B3327009D9F86 /* Release */ = {
			isa = XCBuildConfiguration;
			buildSettings = {
				ALWAYS_EMBED_SWIFT_STANDARD_LIBRARIES = YES;
				CODE_SIGN_STYLE = Automatic;
				DEVELOPMENT_TEAM = 8JNY38S9UY;
				INFOPLIST_FILE = DatePickerUITests/Info.plist;
				LD_RUNPATH_SEARCH_PATHS = (
					"$(inherited)",
					"@executable_path/Frameworks",
					"@loader_path/Frameworks",
				);
				PRODUCT_BUNDLE_IDENTIFIER = Younhong.DatePickerUITests;
				PRODUCT_NAME = "$(TARGET_NAME)";
				SWIFT_VERSION = 5.0;
				TARGETED_DEVICE_FAMILY = "1,2";
				TEST_TARGET_NAME = DatePicker;
			};
			name = Release;
		};
/* End XCBuildConfiguration section */

/* Begin XCConfigurationList section */
		DBB68BF6251B3324009D9F86 /* Build configuration list for PBXProject "DatePicker" */ = {
			isa = XCConfigurationList;
			buildConfigurations = (
				DBB68C23251B3327009D9F86 /* Debug */,
				DBB68C24251B3327009D9F86 /* Release */,
			);
			defaultConfigurationIsVisible = 0;
			defaultConfigurationName = Release;
		};
		DBB68C25251B3327009D9F86 /* Build configuration list for PBXNativeTarget "DatePicker" */ = {
			isa = XCConfigurationList;
			buildConfigurations = (
				DBB68C26251B3327009D9F86 /* Debug */,
				DBB68C27251B3327009D9F86 /* Release */,
			);
			defaultConfigurationIsVisible = 0;
			defaultConfigurationName = Release;
		};
		DBB68C28251B3327009D9F86 /* Build configuration list for PBXNativeTarget "DatePickerTests" */ = {
			isa = XCConfigurationList;
			buildConfigurations = (
				DBB68C29251B3327009D9F86 /* Debug */,
				DBB68C2A251B3327009D9F86 /* Release */,
			);
			defaultConfigurationIsVisible = 0;
			defaultConfigurationName = Release;
		};
		DBB68C2B251B3327009D9F86 /* Build configuration list for PBXNativeTarget "DatePickerUITests" */ = {
			isa = XCConfigurationList;
			buildConfigurations = (
				DBB68C2C251B3327009D9F86 /* Debug */,
				DBB68C2D251B3327009D9F86 /* Release */,
			);
			defaultConfigurationIsVisible = 0;
			defaultConfigurationName = Release;
		};
/* End XCConfigurationList section */
	};
	rootObject = DBB68BF3251B3324009D9F86 /* Project object */;
}
