// !$*UTF8*$!
{
	archiveVersion = 1;
	classes = {
	};
	objectVersion = 50;
	objects = {

/* Begin PBXBuildFile section */
		DBB68E16251C6362009D9F86 /* AppDelegate.swift in Sources */ = {isa = PBXBuildFile; fileRef = DBB68E15251C6362009D9F86 /* AppDelegate.swift */; };
		DBB68E18251C6362009D9F86 /* SceneDelegate.swift in Sources */ = {isa = PBXBuildFile; fileRef = DBB68E17251C6362009D9F86 /* SceneDelegate.swift */; };
		DBB68E1A251C6362009D9F86 /* ViewController.swift in Sources */ = {isa = PBXBuildFile; fileRef = DBB68E19251C6362009D9F86 /* ViewController.swift */; };
		DBB68E1D251C6362009D9F86 /* Main.storyboard in Resources */ = {isa = PBXBuildFile; fileRef = DBB68E1B251C6362009D9F86 /* Main.storyboard */; };
		DBB68E1F251C6366009D9F86 /* Assets.xcassets in Resources */ = {isa = PBXBuildFile; fileRef = DBB68E1E251C6366009D9F86 /* Assets.xcassets */; };
		DBB68E22251C6366009D9F86 /* LaunchScreen.storyboard in Resources */ = {isa = PBXBuildFile; fileRef = DBB68E20251C6366009D9F86 /* LaunchScreen.storyboard */; };
		DBB68E2D251C6366009D9F86 /* WorkFlowyWebTests.swift in Sources */ = {isa = PBXBuildFile; fileRef = DBB68E2C251C6366009D9F86 /* WorkFlowyWebTests.swift */; };
		DBB68E38251C6366009D9F86 /* WorkFlowyWebUITests.swift in Sources */ = {isa = PBXBuildFile; fileRef = DBB68E37251C6366009D9F86 /* WorkFlowyWebUITests.swift */; };
		DBB68E49251C6424009D9F86 /* htmlView.html in Resources */ = {isa = PBXBuildFile; fileRef = DBB68E48251C6424009D9F86 /* htmlView.html */; };
/* End PBXBuildFile section */

/* Begin PBXContainerItemProxy section */
		DBB68E29251C6366009D9F86 /* PBXContainerItemProxy */ = {
			isa = PBXContainerItemProxy;
			containerPortal = DBB68E0A251C6362009D9F86 /* Project object */;
			proxyType = 1;
			remoteGlobalIDString = DBB68E11251C6362009D9F86;
			remoteInfo = WorkFlowyWeb;
		};
		DBB68E34251C6366009D9F86 /* PBXContainerItemProxy */ = {
			isa = PBXContainerItemProxy;
			containerPortal = DBB68E0A251C6362009D9F86 /* Project object */;
			proxyType = 1;
			remoteGlobalIDString = DBB68E11251C6362009D9F86;
			remoteInfo = WorkFlowyWeb;
		};
/* End PBXContainerItemProxy section */

/* Begin PBXFileReference section */
		DBB68E12251C6362009D9F86 /* WorkFlowyWeb.app */ = {isa = PBXFileReference; explicitFileType = wrapper.application; includeInIndex = 0; path = WorkFlowyWeb.app; sourceTree = BUILT_PRODUCTS_DIR; };
		DBB68E15251C6362009D9F86 /* AppDelegate.swift */ = {isa = PBXFileReference; lastKnownFileType = sourcecode.swift; path = AppDelegate.swift; sourceTree = "<group>"; };
		DBB68E17251C6362009D9F86 /* SceneDelegate.swift */ = {isa = PBXFileReference; lastKnownFileType = sourcecode.swift; path = SceneDelegate.swift; sourceTree = "<group>"; };
		DBB68E19251C6362009D9F86 /* ViewController.swift */ = {isa = PBXFileReference; lastKnownFileType = sourcecode.swift; path = ViewController.swift; sourceTree = "<group>"; };
		DBB68E1C251C6362009D9F86 /* Base */ = {isa = PBXFileReference; lastKnownFileType = file.storyboard; name = Base; path = Base.lproj/Main.storyboard; sourceTree = "<group>"; };
		DBB68E1E251C6366009D9F86 /* Assets.xcassets */ = {isa = PBXFileReference; lastKnownFileType = folder.assetcatalog; path = Assets.xcassets; sourceTree = "<group>"; };
		DBB68E21251C6366009D9F86 /* Base */ = {isa = PBXFileReference; lastKnownFileType = file.storyboard; name = Base; path = Base.lproj/LaunchScreen.storyboard; sourceTree = "<group>"; };
		DBB68E23251C6366009D9F86 /* Info.plist */ = {isa = PBXFileReference; lastKnownFileType = text.plist.xml; path = Info.plist; sourceTree = "<group>"; };
		DBB68E28251C6366009D9F86 /* WorkFlowyWebTests.xctest */ = {isa = PBXFileReference; explicitFileType = wrapper.cfbundle; includeInIndex = 0; path = WorkFlowyWebTests.xctest; sourceTree = BUILT_PRODUCTS_DIR; };
		DBB68E2C251C6366009D9F86 /* WorkFlowyWebTests.swift */ = {isa = PBXFileReference; lastKnownFileType = sourcecode.swift; path = WorkFlowyWebTests.swift; sourceTree = "<group>"; };
		DBB68E2E251C6366009D9F86 /* Info.plist */ = {isa = PBXFileReference; lastKnownFileType = text.plist.xml; path = Info.plist; sourceTree = "<group>"; };
		DBB68E33251C6366009D9F86 /* WorkFlowyWebUITests.xctest */ = {isa = PBXFileReference; explicitFileType = wrapper.cfbundle; includeInIndex = 0; path = WorkFlowyWebUITests.xctest; sourceTree = BUILT_PRODUCTS_DIR; };
		DBB68E37251C6366009D9F86 /* WorkFlowyWebUITests.swift */ = {isa = PBXFileReference; lastKnownFileType = sourcecode.swift; path = WorkFlowyWebUITests.swift; sourceTree = "<group>"; };
		DBB68E39251C6366009D9F86 /* Info.plist */ = {isa = PBXFileReference; lastKnownFileType = text.plist.xml; path = Info.plist; sourceTree = "<group>"; };
		DBB68E48251C6424009D9F86 /* htmlView.html */ = {isa = PBXFileReference; lastKnownFileType = text.html; path = htmlView.html; sourceTree = "<group>"; };
/* End PBXFileReference section */

/* Begin PBXFrameworksBuildPhase section */
		DBB68E0F251C6362009D9F86 /* Frameworks */ = {
			isa = PBXFrameworksBuildPhase;
			buildActionMask = 2147483647;
			files = (
			);
			runOnlyForDeploymentPostprocessing = 0;
		};
		DBB68E25251C6366009D9F86 /* Frameworks */ = {
			isa = PBXFrameworksBuildPhase;
			buildActionMask = 2147483647;
			files = (
			);
			runOnlyForDeploymentPostprocessing = 0;
		};
		DBB68E30251C6366009D9F86 /* Frameworks */ = {
			isa = PBXFrameworksBuildPhase;
			buildActionMask = 2147483647;
			files = (
			);
			runOnlyForDeploymentPostprocessing = 0;
		};
/* End PBXFrameworksBuildPhase section */

/* Begin PBXGroup section */
		DBB68E09251C6362009D9F86 = {
			isa = PBXGroup;
			children = (
				DBB68E14251C6362009D9F86 /* WorkFlowyWeb */,
				DBB68E2B251C6366009D9F86 /* WorkFlowyWebTests */,
				DBB68E36251C6366009D9F86 /* WorkFlowyWebUITests */,
				DBB68E13251C6362009D9F86 /* Products */,
			);
			sourceTree = "<group>";
		};
		DBB68E13251C6362009D9F86 /* Products */ = {
			isa = PBXGroup;
			children = (
				DBB68E12251C6362009D9F86 /* WorkFlowyWeb.app */,
				DBB68E28251C6366009D9F86 /* WorkFlowyWebTests.xctest */,
				DBB68E33251C6366009D9F86 /* WorkFlowyWebUITests.xctest */,
			);
			name = Products;
			sourceTree = "<group>";
		};
		DBB68E14251C6362009D9F86 /* WorkFlowyWeb */ = {
			isa = PBXGroup;
			children = (
				DBB68E15251C6362009D9F86 /* AppDelegate.swift */,
				DBB68E17251C6362009D9F86 /* SceneDelegate.swift */,
				DBB68E19251C6362009D9F86 /* ViewController.swift */,
				DBB68E1B251C6362009D9F86 /* Main.storyboard */,
				DBB68E1E251C6366009D9F86 /* Assets.xcassets */,
				DBB68E20251C6366009D9F86 /* LaunchScreen.storyboard */,
				DBB68E23251C6366009D9F86 /* Info.plist */,
				DBB68E48251C6424009D9F86 /* htmlView.html */,
			);
			path = WorkFlowyWeb;
			sourceTree = "<group>";
		};
		DBB68E2B251C6366009D9F86 /* WorkFlowyWebTests */ = {
			isa = PBXGroup;
			children = (
				DBB68E2C251C6366009D9F86 /* WorkFlowyWebTests.swift */,
				DBB68E2E251C6366009D9F86 /* Info.plist */,
			);
			path = WorkFlowyWebTests;
			sourceTree = "<group>";
		};
		DBB68E36251C6366009D9F86 /* WorkFlowyWebUITests */ = {
			isa = PBXGroup;
			children = (
				DBB68E37251C6366009D9F86 /* WorkFlowyWebUITests.swift */,
				DBB68E39251C6366009D9F86 /* Info.plist */,
			);
			path = WorkFlowyWebUITests;
			sourceTree = "<group>";
		};
/* End PBXGroup section */

/* Begin PBXNativeTarget section */
		DBB68E11251C6362009D9F86 /* WorkFlowyWeb */ = {
			isa = PBXNativeTarget;
			buildConfigurationList = DBB68E3C251C6366009D9F86 /* Build configuration list for PBXNativeTarget "WorkFlowyWeb" */;
			buildPhases = (
				DBB68E0E251C6362009D9F86 /* Sources */,
				DBB68E0F251C6362009D9F86 /* Frameworks */,
				DBB68E10251C6362009D9F86 /* Resources */,
			);
			buildRules = (
			);
			dependencies = (
			);
			name = WorkFlowyWeb;
			productName = WorkFlowyWeb;
			productReference = DBB68E12251C6362009D9F86 /* WorkFlowyWeb.app */;
			productType = "com.apple.product-type.application";
		};
		DBB68E27251C6366009D9F86 /* WorkFlowyWebTests */ = {
			isa = PBXNativeTarget;
			buildConfigurationList = DBB68E3F251C6366009D9F86 /* Build configuration list for PBXNativeTarget "WorkFlowyWebTests" */;
			buildPhases = (
				DBB68E24251C6366009D9F86 /* Sources */,
				DBB68E25251C6366009D9F86 /* Frameworks */,
				DBB68E26251C6366009D9F86 /* Resources */,
			);
			buildRules = (
			);
			dependencies = (
				DBB68E2A251C6366009D9F86 /* PBXTargetDependency */,
			);
			name = WorkFlowyWebTests;
			productName = WorkFlowyWebTests;
			productReference = DBB68E28251C6366009D9F86 /* WorkFlowyWebTests.xctest */;
			productType = "com.apple.product-type.bundle.unit-test";
		};
		DBB68E32251C6366009D9F86 /* WorkFlowyWebUITests */ = {
			isa = PBXNativeTarget;
			buildConfigurationList = DBB68E42251C6366009D9F86 /* Build configuration list for PBXNativeTarget "WorkFlowyWebUITests" */;
			buildPhases = (
				DBB68E2F251C6366009D9F86 /* Sources */,
				DBB68E30251C6366009D9F86 /* Frameworks */,
				DBB68E31251C6366009D9F86 /* Resources */,
			);
			buildRules = (
			);
			dependencies = (
				DBB68E35251C6366009D9F86 /* PBXTargetDependency */,
			);
			name = WorkFlowyWebUITests;
			productName = WorkFlowyWebUITests;
			productReference = DBB68E33251C6366009D9F86 /* WorkFlowyWebUITests.xctest */;
			productType = "com.apple.product-type.bundle.ui-testing";
		};
/* End PBXNativeTarget section */

/* Begin PBXProject section */
		DBB68E0A251C6362009D9F86 /* Project object */ = {
			isa = PBXProject;
			attributes = {
				LastSwiftUpdateCheck = 1200;
				LastUpgradeCheck = 1200;
				TargetAttributes = {
					DBB68E11251C6362009D9F86 = {
						CreatedOnToolsVersion = 12.0;
					};
					DBB68E27251C6366009D9F86 = {
						CreatedOnToolsVersion = 12.0;
						TestTargetID = DBB68E11251C6362009D9F86;
					};
					DBB68E32251C6366009D9F86 = {
						CreatedOnToolsVersion = 12.0;
						TestTargetID = DBB68E11251C6362009D9F86;
					};
				};
			};
			buildConfigurationList = DBB68E0D251C6362009D9F86 /* Build configuration list for PBXProject "WorkFlowyWeb" */;
			compatibilityVersion = "Xcode 9.3";
			developmentRegion = en;
			hasScannedForEncodings = 0;
			knownRegions = (
				en,
				Base,
			);
			mainGroup = DBB68E09251C6362009D9F86;
			productRefGroup = DBB68E13251C6362009D9F86 /* Products */;
			projectDirPath = "";
			projectRoot = "";
			targets = (
				DBB68E11251C6362009D9F86 /* WorkFlowyWeb */,
				DBB68E27251C6366009D9F86 /* WorkFlowyWebTests */,
				DBB68E32251C6366009D9F86 /* WorkFlowyWebUITests */,
			);
		};
/* End PBXProject section */

/* Begin PBXResourcesBuildPhase section */
		DBB68E10251C6362009D9F86 /* Resources */ = {
			isa = PBXResourcesBuildPhase;
			buildActionMask = 2147483647;
			files = (
				DBB68E49251C6424009D9F86 /* htmlView.html in Resources */,
				DBB68E22251C6366009D9F86 /* LaunchScreen.storyboard in Resources */,
				DBB68E1F251C6366009D9F86 /* Assets.xcassets in Resources */,
				DBB68E1D251C6362009D9F86 /* Main.storyboard in Resources */,
			);
			runOnlyForDeploymentPostprocessing = 0;
		};
		DBB68E26251C6366009D9F86 /* Resources */ = {
			isa = PBXResourcesBuildPhase;
			buildActionMask = 2147483647;
			files = (
			);
			runOnlyForDeploymentPostprocessing = 0;
		};
		DBB68E31251C6366009D9F86 /* Resources */ = {
			isa = PBXResourcesBuildPhase;
			buildActionMask = 2147483647;
			files = (
			);
			runOnlyForDeploymentPostprocessing = 0;
		};
/* End PBXResourcesBuildPhase section */

/* Begin PBXSourcesBuildPhase section */
		DBB68E0E251C6362009D9F86 /* Sources */ = {
			isa = PBXSourcesBuildPhase;
			buildActionMask = 2147483647;
			files = (
				DBB68E1A251C6362009D9F86 /* ViewController.swift in Sources */,
				DBB68E16251C6362009D9F86 /* AppDelegate.swift in Sources */,
				DBB68E18251C6362009D9F86 /* SceneDelegate.swift in Sources */,
			);
			runOnlyForDeploymentPostprocessing = 0;
		};
		DBB68E24251C6366009D9F86 /* Sources */ = {
			isa = PBXSourcesBuildPhase;
			buildActionMask = 2147483647;
			files = (
				DBB68E2D251C6366009D9F86 /* WorkFlowyWebTests.swift in Sources */,
			);
			runOnlyForDeploymentPostprocessing = 0;
		};
		DBB68E2F251C6366009D9F86 /* Sources */ = {
			isa = PBXSourcesBuildPhase;
			buildActionMask = 2147483647;
			files = (
				DBB68E38251C6366009D9F86 /* WorkFlowyWebUITests.swift in Sources */,
			);
			runOnlyForDeploymentPostprocessing = 0;
		};
/* End PBXSourcesBuildPhase section */

/* Begin PBXTargetDependency section */
		DBB68E2A251C6366009D9F86 /* PBXTargetDependency */ = {
			isa = PBXTargetDependency;
			target = DBB68E11251C6362009D9F86 /* WorkFlowyWeb */;
			targetProxy = DBB68E29251C6366009D9F86 /* PBXContainerItemProxy */;
		};
		DBB68E35251C6366009D9F86 /* PBXTargetDependency */ = {
			isa = PBXTargetDependency;
			target = DBB68E11251C6362009D9F86 /* WorkFlowyWeb */;
			targetProxy = DBB68E34251C6366009D9F86 /* PBXContainerItemProxy */;
		};
/* End PBXTargetDependency section */

/* Begin PBXVariantGroup section */
		DBB68E1B251C6362009D9F86 /* Main.storyboard */ = {
			isa = PBXVariantGroup;
			children = (
				DBB68E1C251C6362009D9F86 /* Base */,
			);
			name = Main.storyboard;
			sourceTree = "<group>";
		};
		DBB68E20251C6366009D9F86 /* LaunchScreen.storyboard */ = {
			isa = PBXVariantGroup;
			children = (
				DBB68E21251C6366009D9F86 /* Base */,
			);
			name = LaunchScreen.storyboard;
			sourceTree = "<group>";
		};
/* End PBXVariantGroup section */

/* Begin XCBuildConfiguration section */
		DBB68E3A251C6366009D9F86 /* Debug */ = {
			isa = XCBuildConfiguration;
			buildSettings = {
				ALWAYS_SEARCH_USER_PATHS = NO;
				CLANG_ANALYZER_NONNULL = YES;
				CLANG_ANALYZER_NUMBER_OBJECT_CONVERSION = YES_AGGRESSIVE;
				CLANG_CXX_LANGUAGE_STANDARD = "gnu++14";
				CLANG_CXX_LIBRARY = "libc++";
				CLANG_ENABLE_MODULES = YES;
				CLANG_ENABLE_OBJC_ARC = YES;
				CLANG_ENABLE_OBJC_WEAK = YES;
				CLANG_WARN_BLOCK_CAPTURE_AUTORELEASING = YES;
				CLANG_WARN_BOOL_CONVERSION = YES;
				CLANG_WARN_COMMA = YES;
				CLANG_WARN_CONSTANT_CONVERSION = YES;
				CLANG_WARN_DEPRECATED_OBJC_IMPLEMENTATIONS = YES;
				CLANG_WARN_DIRECT_OBJC_ISA_USAGE = YES_ERROR;
				CLANG_WARN_DOCUMENTATION_COMMENTS = YES;
				CLANG_WARN_EMPTY_BODY = YES;
				CLANG_WARN_ENUM_CONVERSION = YES;
				CLANG_WARN_INFINITE_RECURSION = YES;
				CLANG_WARN_INT_CONVERSION = YES;
				CLANG_WARN_NON_LITERAL_NULL_CONVERSION = YES;
				CLANG_WARN_OBJC_IMPLICIT_RETAIN_SELF = YES;
				CLANG_WARN_OBJC_LITERAL_CONVERSION = YES;
				CLANG_WARN_OBJC_ROOT_CLASS = YES_ERROR;
				CLANG_WARN_QUOTED_INCLUDE_IN_FRAMEWORK_HEADER = YES;
				CLANG_WARN_RANGE_LOOP_ANALYSIS = YES;
				CLANG_WARN_STRICT_PROTOTYPES = YES;
				CLANG_WARN_SUSPICIOUS_MOVE = YES;
				CLANG_WARN_UNGUARDED_AVAILABILITY = YES_AGGRESSIVE;
				CLANG_WARN_UNREACHABLE_CODE = YES;
				CLANG_WARN__DUPLICATE_METHOD_MATCH = YES;
				COPY_PHASE_STRIP = NO;
				DEBUG_INFORMATION_FORMAT = dwarf;
				ENABLE_STRICT_OBJC_MSGSEND = YES;
				ENABLE_TESTABILITY = YES;
				GCC_C_LANGUAGE_STANDARD = gnu11;
				GCC_DYNAMIC_NO_PIC = NO;
				GCC_NO_COMMON_BLOCKS = YES;
				GCC_OPTIMIZATION_LEVEL = 0;
				GCC_PREPROCESSOR_DEFINITIONS = (
					"DEBUG=1",
					"$(inherited)",
				);
				GCC_WARN_64_TO_32_BIT_CONVERSION = YES;
				GCC_WARN_ABOUT_RETURN_TYPE = YES_ERROR;
				GCC_WARN_UNDECLARED_SELECTOR = YES;
				GCC_WARN_UNINITIALIZED_AUTOS = YES_AGGRESSIVE;
				GCC_WARN_UNUSED_FUNCTION = YES;
				GCC_WARN_UNUSED_VARIABLE = YES;
				IPHONEOS_DEPLOYMENT_TARGET = 14.0;
				MTL_ENABLE_DEBUG_INFO = INCLUDE_SOURCE;
				MTL_FAST_MATH = YES;
				ONLY_ACTIVE_ARCH = YES;
				SDKROOT = iphoneos;
				SWIFT_ACTIVE_COMPILATION_CONDITIONS = DEBUG;
				SWIFT_OPTIMIZATION_LEVEL = "-Onone";
			};
			name = Debug;
		};
		DBB68E3B251C6366009D9F86 /* Release */ = {
			isa = XCBuildConfiguration;
			buildSettings = {
				ALWAYS_SEARCH_USER_PATHS = NO;
				CLANG_ANALYZER_NONNULL = YES;
				CLANG_ANALYZER_NUMBER_OBJECT_CONVERSION = YES_AGGRESSIVE;
				CLANG_CXX_LANGUAGE_STANDARD = "gnu++14";
				CLANG_CXX_LIBRARY = "libc++";
				CLANG_ENABLE_MODULES = YES;
				CLANG_ENABLE_OBJC_ARC = YES;
				CLANG_ENABLE_OBJC_WEAK = YES;
				CLANG_WARN_BLOCK_CAPTURE_AUTORELEASING = YES;
				CLANG_WARN_BOOL_CONVERSION = YES;
				CLANG_WARN_COMMA = YES;
				CLANG_WARN_CONSTANT_CONVERSION = YES;
				CLANG_WARN_DEPRECATED_OBJC_IMPLEMENTATIONS = YES;
				CLANG_WARN_DIRECT_OBJC_ISA_USAGE = YES_ERROR;
				CLANG_WARN_DOCUMENTATION_COMMENTS = YES;
				CLANG_WARN_EMPTY_BODY = YES;
				CLANG_WARN_ENUM_CONVERSION = YES;
				CLANG_WARN_INFINITE_RECURSION = YES;
				CLANG_WARN_INT_CONVERSION = YES;
				CLANG_WARN_NON_LITERAL_NULL_CONVERSION = YES;
				CLANG_WARN_OBJC_IMPLICIT_RETAIN_SELF = YES;
				CLANG_WARN_OBJC_LITERAL_CONVERSION = YES;
				CLANG_WARN_OBJC_ROOT_CLASS = YES_ERROR;
				CLANG_WARN_QUOTED_INCLUDE_IN_FRAMEWORK_HEADER = YES;
				CLANG_WARN_RANGE_LOOP_ANALYSIS = YES;
				CLANG_WARN_STRICT_PROTOTYPES = YES;
				CLANG_WARN_SUSPICIOUS_MOVE = YES;
				CLANG_WARN_UNGUARDED_AVAILABILITY = YES_AGGRESSIVE;
				CLANG_WARN_UNREACHABLE_CODE = YES;
				CLANG_WARN__DUPLICATE_METHOD_MATCH = YES;
				COPY_PHASE_STRIP = NO;
				DEBUG_INFORMATION_FORMAT = "dwarf-with-dsym";
				ENABLE_NS_ASSERTIONS = NO;
				ENABLE_STRICT_OBJC_MSGSEND = YES;
				GCC_C_LANGUAGE_STANDARD = gnu11;
				GCC_NO_COMMON_BLOCKS = YES;
				GCC_WARN_64_TO_32_BIT_CONVERSION = YES;
				GCC_WARN_ABOUT_RETURN_TYPE = YES_ERROR;
				GCC_WARN_UNDECLARED_SELECTOR = YES;
				GCC_WARN_UNINITIALIZED_AUTOS = YES_AGGRESSIVE;
				GCC_WARN_UNUSED_FUNCTION = YES;
				GCC_WARN_UNUSED_VARIABLE = YES;
				IPHONEOS_DEPLOYMENT_TARGET = 14.0;
				MTL_ENABLE_DEBUG_INFO = NO;
				MTL_FAST_MATH = YES;
				SDKROOT = iphoneos;
				SWIFT_COMPILATION_MODE = wholemodule;
				SWIFT_OPTIMIZATION_LEVEL = "-O";
				VALIDATE_PRODUCT = YES;
			};
			name = Release;
		};
		DBB68E3D251C6366009D9F86 /* Debug */ = {
			isa = XCBuildConfiguration;
			buildSettings = {
				ASSETCATALOG_COMPILER_APPICON_NAME = AppIcon;
				ASSETCATALOG_COMPILER_GLOBAL_ACCENT_COLOR_NAME = AccentColor;
				CODE_SIGN_STYLE = Automatic;
				DEVELOPMENT_TEAM = 8JNY38S9UY;
				INFOPLIST_FILE = WorkFlowyWeb/Info.plist;
				LD_RUNPATH_SEARCH_PATHS = (
					"$(inherited)",
					"@executable_path/Frameworks",
				);
				PRODUCT_BUNDLE_IDENTIFIER = Younhong.WorkFlowyWeb;
				PRODUCT_NAME = "$(TARGET_NAME)";
				SWIFT_VERSION = 5.0;
				TARGETED_DEVICE_FAMILY = "1,2";
			};
			name = Debug;
		};
		DBB68E3E251C6366009D9F86 /* Release */ = {
			isa = XCBuildConfiguration;
			buildSettings = {
				ASSETCATALOG_COMPILER_APPICON_NAME = AppIcon;
				ASSETCATALOG_COMPILER_GLOBAL_ACCENT_COLOR_NAME = AccentColor;
				CODE_SIGN_STYLE = Automatic;
				DEVELOPMENT_TEAM = 8JNY38S9UY;
				INFOPLIST_FILE = WorkFlowyWeb/Info.plist;
				LD_RUNPATH_SEARCH_PATHS = (
					"$(inherited)",
					"@executable_path/Frameworks",
				);
				PRODUCT_BUNDLE_IDENTIFIER = Younhong.WorkFlowyWeb;
				PRODUCT_NAME = "$(TARGET_NAME)";
				SWIFT_VERSION = 5.0;
				TARGETED_DEVICE_FAMILY = "1,2";
			};
			name = Release;
		};
		DBB68E40251C6366009D9F86 /* Debug */ = {
			isa = XCBuildConfiguration;
			buildSettings = {
				ALWAYS_EMBED_SWIFT_STANDARD_LIBRARIES = YES;
				BUNDLE_LOADER = "$(TEST_HOST)";
				CODE_SIGN_STYLE = Automatic;
				DEVELOPMENT_TEAM = 8JNY38S9UY;
				INFOPLIST_FILE = WorkFlowyWebTests/Info.plist;
				IPHONEOS_DEPLOYMENT_TARGET = 14.0;
				LD_RUNPATH_SEARCH_PATHS = (
					"$(inherited)",
					"@executable_path/Frameworks",
					"@loader_path/Frameworks",
				);
				PRODUCT_BUNDLE_IDENTIFIER = Younhong.WorkFlowyWebTests;
				PRODUCT_NAME = "$(TARGET_NAME)";
				SWIFT_VERSION = 5.0;
				TARGETED_DEVICE_FAMILY = "1,2";
				TEST_HOST = "$(BUILT_PRODUCTS_DIR)/WorkFlowyWeb.app/WorkFlowyWeb";
			};
			name = Debug;
		};
		DBB68E41251C6366009D9F86 /* Release */ = {
			isa = XCBuildConfiguration;
			buildSettings = {
				ALWAYS_EMBED_SWIFT_STANDARD_LIBRARIES = YES;
				BUNDLE_LOADER = "$(TEST_HOST)";
				CODE_SIGN_STYLE = Automatic;
				DEVELOPMENT_TEAM = 8JNY38S9UY;
				INFOPLIST_FILE = WorkFlowyWebTests/Info.plist;
				IPHONEOS_DEPLOYMENT_TARGET = 14.0;
				LD_RUNPATH_SEARCH_PATHS = (
					"$(inherited)",
					"@executable_path/Frameworks",
					"@loader_path/Frameworks",
				);
				PRODUCT_BUNDLE_IDENTIFIER = Younhong.WorkFlowyWebTests;
				PRODUCT_NAME = "$(TARGET_NAME)";
				SWIFT_VERSION = 5.0;
				TARGETED_DEVICE_FAMILY = "1,2";
				TEST_HOST = "$(BUILT_PRODUCTS_DIR)/WorkFlowyWeb.app/WorkFlowyWeb";
			};
			name = Release;
		};
		DBB68E43251C6366009D9F86 /* Debug */ = {
			isa = XCBuildConfiguration;
			buildSettings = {
				ALWAYS_EMBED_SWIFT_STANDARD_LIBRARIES = YES;
				CODE_SIGN_STYLE = Automatic;
				DEVELOPMENT_TEAM = 8JNY38S9UY;
				INFOPLIST_FILE = WorkFlowyWebUITests/Info.plist;
				LD_RUNPATH_SEARCH_PATHS = (
					"$(inherited)",
					"@executable_path/Frameworks",
					"@loader_path/Frameworks",
				);
				PRODUCT_BUNDLE_IDENTIFIER = Younhong.WorkFlowyWebUITests;
				PRODUCT_NAME = "$(TARGET_NAME)";
				SWIFT_VERSION = 5.0;
				TARGETED_DEVICE_FAMILY = "1,2";
				TEST_TARGET_NAME = WorkFlowyWeb;
			};
			name = Debug;
		};
		DBB68E44251C6366009D9F86 /* Release */ = {
			isa = XCBuildConfiguration;
			buildSettings = {
				ALWAYS_EMBED_SWIFT_STANDARD_LIBRARIES = YES;
				CODE_SIGN_STYLE = Automatic;
				DEVELOPMENT_TEAM = 8JNY38S9UY;
				INFOPLIST_FILE = WorkFlowyWebUITests/Info.plist;
				LD_RUNPATH_SEARCH_PATHS = (
					"$(inherited)",
					"@executable_path/Frameworks",
					"@loader_path/Frameworks",
				);
				PRODUCT_BUNDLE_IDENTIFIER = Younhong.WorkFlowyWebUITests;
				PRODUCT_NAME = "$(TARGET_NAME)";
				SWIFT_VERSION = 5.0;
				TARGETED_DEVICE_FAMILY = "1,2";
				TEST_TARGET_NAME = WorkFlowyWeb;
			};
			name = Release;
		};
/* End XCBuildConfiguration section */

/* Begin XCConfigurationList section */
		DBB68E0D251C6362009D9F86 /* Build configuration list for PBXProject "WorkFlowyWeb" */ = {
			isa = XCConfigurationList;
			buildConfigurations = (
				DBB68E3A251C6366009D9F86 /* Debug */,
				DBB68E3B251C6366009D9F86 /* Release */,
			);
			defaultConfigurationIsVisible = 0;
			defaultConfigurationName = Release;
		};
		DBB68E3C251C6366009D9F86 /* Build configuration list for PBXNativeTarget "WorkFlowyWeb" */ = {
			isa = XCConfigurationList;
			buildConfigurations = (
				DBB68E3D251C6366009D9F86 /* Debug */,
				DBB68E3E251C6366009D9F86 /* Release */,
			);
			defaultConfigurationIsVisible = 0;
			defaultConfigurationName = Release;
		};
		DBB68E3F251C6366009D9F86 /* Build configuration list for PBXNativeTarget "WorkFlowyWebTests" */ = {
			isa = XCConfigurationList;
			buildConfigurations = (
				DBB68E40251C6366009D9F86 /* Debug */,
				DBB68E41251C6366009D9F86 /* Release */,
			);
			defaultConfigurationIsVisible = 0;
			defaultConfigurationName = Release;
		};
		DBB68E42251C6366009D9F86 /* Build configuration list for PBXNativeTarget "WorkFlowyWebUITests" */ = {
			isa = XCConfigurationList;
			buildConfigurations = (
				DBB68E43251C6366009D9F86 /* Debug */,
				DBB68E44251C6366009D9F86 /* Release */,
			);
			defaultConfigurationIsVisible = 0;
			defaultConfigurationName = Release;
		};
/* End XCConfigurationList section */
	};
	rootObject = DBB68E0A251C6362009D9F86 /* Project object */;
}
