// !$*UTF8*$!
{
	archiveVersion = 1;
	classes = {
	};
	objectVersion = 50;
	objects = {

/* Begin PBXBuildFile section */
		DBB68B1B251B1AE1009D9F86 /* AppDelegate.swift in Sources */ = {isa = PBXBuildFile; fileRef = DBB68B1A251B1AE1009D9F86 /* AppDelegate.swift */; };
		DBB68B1D251B1AE1009D9F86 /* SceneDelegate.swift in Sources */ = {isa = PBXBuildFile; fileRef = DBB68B1C251B1AE1009D9F86 /* SceneDelegate.swift */; };
		DBB68B1F251B1AE1009D9F86 /* ViewController.swift in Sources */ = {isa = PBXBuildFile; fileRef = DBB68B1E251B1AE1009D9F86 /* ViewController.swift */; };
		DBB68B22251B1AE1009D9F86 /* Main.storyboard in Resources */ = {isa = PBXBuildFile; fileRef = DBB68B20251B1AE1009D9F86 /* Main.storyboard */; };
		DBB68B24251B1AE3009D9F86 /* Assets.xcassets in Resources */ = {isa = PBXBuildFile; fileRef = DBB68B23251B1AE3009D9F86 /* Assets.xcassets */; };
		DBB68B27251B1AE3009D9F86 /* LaunchScreen.storyboard in Resources */ = {isa = PBXBuildFile; fileRef = DBB68B25251B1AE3009D9F86 /* LaunchScreen.storyboard */; };
		DBB68B32251B1AE3009D9F86 /* HelloWorldTests.swift in Sources */ = {isa = PBXBuildFile; fileRef = DBB68B31251B1AE3009D9F86 /* HelloWorldTests.swift */; };
		DBB68B3D251B1AE3009D9F86 /* HelloWorldUITests.swift in Sources */ = {isa = PBXBuildFile; fileRef = DBB68B3C251B1AE3009D9F86 /* HelloWorldUITests.swift */; };
/* End PBXBuildFile section */

/* Begin PBXContainerItemProxy section */
		DBB68B2E251B1AE3009D9F86 /* PBXContainerItemProxy */ = {
			isa = PBXContainerItemProxy;
			containerPortal = DBB68B0F251B1AE1009D9F86 /* Project object */;
			proxyType = 1;
			remoteGlobalIDString = DBB68B16251B1AE1009D9F86;
			remoteInfo = HelloWorld;
		};
		DBB68B39251B1AE3009D9F86 /* PBXContainerItemProxy */ = {
			isa = PBXContainerItemProxy;
			containerPortal = DBB68B0F251B1AE1009D9F86 /* Project object */;
			proxyType = 1;
			remoteGlobalIDString = DBB68B16251B1AE1009D9F86;
			remoteInfo = HelloWorld;
		};
/* End PBXContainerItemProxy section */

/* Begin PBXFileReference section */
		DBB68B17251B1AE1009D9F86 /* HelloWorld.app */ = {isa = PBXFileReference; explicitFileType = wrapper.application; includeInIndex = 0; path = HelloWorld.app; sourceTree = BUILT_PRODUCTS_DIR; };
		DBB68B1A251B1AE1009D9F86 /* AppDelegate.swift */ = {isa = PBXFileReference; lastKnownFileType = sourcecode.swift; path = AppDelegate.swift; sourceTree = "<group>"; };
		DBB68B1C251B1AE1009D9F86 /* SceneDelegate.swift */ = {isa = PBXFileReference; lastKnownFileType = sourcecode.swift; path = SceneDelegate.swift; sourceTree = "<group>"; };
		DBB68B1E251B1AE1009D9F86 /* ViewController.swift */ = {isa = PBXFileReference; lastKnownFileType = sourcecode.swift; path = ViewController.swift; sourceTree = "<group>"; };
		DBB68B21251B1AE1009D9F86 /* Base */ = {isa = PBXFileReference; lastKnownFileType = file.storyboard; name = Base; path = Base.lproj/Main.storyboard; sourceTree = "<group>"; };
		DBB68B23251B1AE3009D9F86 /* Assets.xcassets */ = {isa = PBXFileReference; lastKnownFileType = folder.assetcatalog; path = Assets.xcassets; sourceTree = "<group>"; };
		DBB68B26251B1AE3009D9F86 /* Base */ = {isa = PBXFileReference; lastKnownFileType = file.storyboard; name = Base; path = Base.lproj/LaunchScreen.storyboard; sourceTree = "<group>"; };
		DBB68B28251B1AE3009D9F86 /* Info.plist */ = {isa = PBXFileReference; lastKnownFileType = text.plist.xml; path = Info.plist; sourceTree = "<group>"; };
		DBB68B2D251B1AE3009D9F86 /* HelloWorldTests.xctest */ = {isa = PBXFileReference; explicitFileType = wrapper.cfbundle; includeInIndex = 0; path = HelloWorldTests.xctest; sourceTree = BUILT_PRODUCTS_DIR; };
		DBB68B31251B1AE3009D9F86 /* HelloWorldTests.swift */ = {isa = PBXFileReference; lastKnownFileType = sourcecode.swift; path = HelloWorldTests.swift; sourceTree = "<group>"; };
		DBB68B33251B1AE3009D9F86 /* Info.plist */ = {isa = PBXFileReference; lastKnownFileType = text.plist.xml; path = Info.plist; sourceTree = "<group>"; };
		DBB68B38251B1AE3009D9F86 /* HelloWorldUITests.xctest */ = {isa = PBXFileReference; explicitFileType = wrapper.cfbundle; includeInIndex = 0; path = HelloWorldUITests.xctest; sourceTree = BUILT_PRODUCTS_DIR; };
		DBB68B3C251B1AE3009D9F86 /* HelloWorldUITests.swift */ = {isa = PBXFileReference; lastKnownFileType = sourcecode.swift; path = HelloWorldUITests.swift; sourceTree = "<group>"; };
		DBB68B3E251B1AE3009D9F86 /* Info.plist */ = {isa = PBXFileReference; lastKnownFileType = text.plist.xml; path = Info.plist; sourceTree = "<group>"; };
/* End PBXFileReference section */

/* Begin PBXFrameworksBuildPhase section */
		DBB68B14251B1AE1009D9F86 /* Frameworks */ = {
			isa = PBXFrameworksBuildPhase;
			buildActionMask = 2147483647;
			files = (
			);
			runOnlyForDeploymentPostprocessing = 0;
		};
		DBB68B2A251B1AE3009D9F86 /* Frameworks */ = {
			isa = PBXFrameworksBuildPhase;
			buildActionMask = 2147483647;
			files = (
			);
			runOnlyForDeploymentPostprocessing = 0;
		};
		DBB68B35251B1AE3009D9F86 /* Frameworks */ = {
			isa = PBXFrameworksBuildPhase;
			buildActionMask = 2147483647;
			files = (
			);
			runOnlyForDeploymentPostprocessing = 0;
		};
/* End PBXFrameworksBuildPhase section */

/* Begin PBXGroup section */
		DBB68B0E251B1AE1009D9F86 = {
			isa = PBXGroup;
			children = (
				DBB68B19251B1AE1009D9F86 /* HelloWorld */,
				DBB68B30251B1AE3009D9F86 /* HelloWorldTests */,
				DBB68B3B251B1AE3009D9F86 /* HelloWorldUITests */,
				DBB68B18251B1AE1009D9F86 /* Products */,
			);
			sourceTree = "<group>";
		};
		DBB68B18251B1AE1009D9F86 /* Products */ = {
			isa = PBXGroup;
			children = (
				DBB68B17251B1AE1009D9F86 /* HelloWorld.app */,
				DBB68B2D251B1AE3009D9F86 /* HelloWorldTests.xctest */,
				DBB68B38251B1AE3009D9F86 /* HelloWorldUITests.xctest */,
			);
			name = Products;
			sourceTree = "<group>";
		};
		DBB68B19251B1AE1009D9F86 /* HelloWorld */ = {
			isa = PBXGroup;
			children = (
				DBB68B1A251B1AE1009D9F86 /* AppDelegate.swift */,
				DBB68B1C251B1AE1009D9F86 /* SceneDelegate.swift */,
				DBB68B1E251B1AE1009D9F86 /* ViewController.swift */,
				DBB68B20251B1AE1009D9F86 /* Main.storyboard */,
				DBB68B23251B1AE3009D9F86 /* Assets.xcassets */,
				DBB68B25251B1AE3009D9F86 /* LaunchScreen.storyboard */,
				DBB68B28251B1AE3009D9F86 /* Info.plist */,
			);
			path = HelloWorld;
			sourceTree = "<group>";
		};
		DBB68B30251B1AE3009D9F86 /* HelloWorldTests */ = {
			isa = PBXGroup;
			children = (
				DBB68B31251B1AE3009D9F86 /* HelloWorldTests.swift */,
				DBB68B33251B1AE3009D9F86 /* Info.plist */,
			);
			path = HelloWorldTests;
			sourceTree = "<group>";
		};
		DBB68B3B251B1AE3009D9F86 /* HelloWorldUITests */ = {
			isa = PBXGroup;
			children = (
				DBB68B3C251B1AE3009D9F86 /* HelloWorldUITests.swift */,
				DBB68B3E251B1AE3009D9F86 /* Info.plist */,
			);
			path = HelloWorldUITests;
			sourceTree = "<group>";
		};
/* End PBXGroup section */

/* Begin PBXNativeTarget section */
		DBB68B16251B1AE1009D9F86 /* HelloWorld */ = {
			isa = PBXNativeTarget;
			buildConfigurationList = DBB68B41251B1AE3009D9F86 /* Build configuration list for PBXNativeTarget "HelloWorld" */;
			buildPhases = (
				DBB68B13251B1AE1009D9F86 /* Sources */,
				DBB68B14251B1AE1009D9F86 /* Frameworks */,
				DBB68B15251B1AE1009D9F86 /* Resources */,
			);
			buildRules = (
			);
			dependencies = (
			);
			name = HelloWorld;
			productName = HelloWorld;
			productReference = DBB68B17251B1AE1009D9F86 /* HelloWorld.app */;
			productType = "com.apple.product-type.application";
		};
		DBB68B2C251B1AE3009D9F86 /* HelloWorldTests */ = {
			isa = PBXNativeTarget;
			buildConfigurationList = DBB68B44251B1AE3009D9F86 /* Build configuration list for PBXNativeTarget "HelloWorldTests" */;
			buildPhases = (
				DBB68B29251B1AE3009D9F86 /* Sources */,
				DBB68B2A251B1AE3009D9F86 /* Frameworks */,
				DBB68B2B251B1AE3009D9F86 /* Resources */,
			);
			buildRules = (
			);
			dependencies = (
				DBB68B2F251B1AE3009D9F86 /* PBXTargetDependency */,
			);
			name = HelloWorldTests;
			productName = HelloWorldTests;
			productReference = DBB68B2D251B1AE3009D9F86 /* HelloWorldTests.xctest */;
			productType = "com.apple.product-type.bundle.unit-test";
		};
		DBB68B37251B1AE3009D9F86 /* HelloWorldUITests */ = {
			isa = PBXNativeTarget;
			buildConfigurationList = DBB68B47251B1AE3009D9F86 /* Build configuration list for PBXNativeTarget "HelloWorldUITests" */;
			buildPhases = (
				DBB68B34251B1AE3009D9F86 /* Sources */,
				DBB68B35251B1AE3009D9F86 /* Frameworks */,
				DBB68B36251B1AE3009D9F86 /* Resources */,
			);
			buildRules = (
			);
			dependencies = (
				DBB68B3A251B1AE3009D9F86 /* PBXTargetDependency */,
			);
			name = HelloWorldUITests;
			productName = HelloWorldUITests;
			productReference = DBB68B38251B1AE3009D9F86 /* HelloWorldUITests.xctest */;
			productType = "com.apple.product-type.bundle.ui-testing";
		};
/* End PBXNativeTarget section */

/* Begin PBXProject section */
		DBB68B0F251B1AE1009D9F86 /* Project object */ = {
			isa = PBXProject;
			attributes = {
				LastSwiftUpdateCheck = 1200;
				LastUpgradeCheck = 1200;
				TargetAttributes = {
					DBB68B16251B1AE1009D9F86 = {
						CreatedOnToolsVersion = 12.0;
					};
					DBB68B2C251B1AE3009D9F86 = {
						CreatedOnToolsVersion = 12.0;
						TestTargetID = DBB68B16251B1AE1009D9F86;
					};
					DBB68B37251B1AE3009D9F86 = {
						CreatedOnToolsVersion = 12.0;
						TestTargetID = DBB68B16251B1AE1009D9F86;
					};
				};
			};
			buildConfigurationList = DBB68B12251B1AE1009D9F86 /* Build configuration list for PBXProject "HelloWorld" */;
			compatibilityVersion = "Xcode 9.3";
			developmentRegion = en;
			hasScannedForEncodings = 0;
			knownRegions = (
				en,
				Base,
			);
			mainGroup = DBB68B0E251B1AE1009D9F86;
			productRefGroup = DBB68B18251B1AE1009D9F86 /* Products */;
			projectDirPath = "";
			projectRoot = "";
			targets = (
				DBB68B16251B1AE1009D9F86 /* HelloWorld */,
				DBB68B2C251B1AE3009D9F86 /* HelloWorldTests */,
				DBB68B37251B1AE3009D9F86 /* HelloWorldUITests */,
			);
		};
/* End PBXProject section */

/* Begin PBXResourcesBuildPhase section */
		DBB68B15251B1AE1009D9F86 /* Resources */ = {
			isa = PBXResourcesBuildPhase;
			buildActionMask = 2147483647;
			files = (
				DBB68B27251B1AE3009D9F86 /* LaunchScreen.storyboard in Resources */,
				DBB68B24251B1AE3009D9F86 /* Assets.xcassets in Resources */,
				DBB68B22251B1AE1009D9F86 /* Main.storyboard in Resources */,
			);
			runOnlyForDeploymentPostprocessing = 0;
		};
		DBB68B2B251B1AE3009D9F86 /* Resources */ = {
			isa = PBXResourcesBuildPhase;
			buildActionMask = 2147483647;
			files = (
			);
			runOnlyForDeploymentPostprocessing = 0;
		};
		DBB68B36251B1AE3009D9F86 /* Resources */ = {
			isa = PBXResourcesBuildPhase;
			buildActionMask = 2147483647;
			files = (
			);
			runOnlyForDeploymentPostprocessing = 0;
		};
/* End PBXResourcesBuildPhase section */

/* Begin PBXSourcesBuildPhase section */
		DBB68B13251B1AE1009D9F86 /* Sources */ = {
			isa = PBXSourcesBuildPhase;
			buildActionMask = 2147483647;
			files = (
				DBB68B1F251B1AE1009D9F86 /* ViewController.swift in Sources */,
				DBB68B1B251B1AE1009D9F86 /* AppDelegate.swift in Sources */,
				DBB68B1D251B1AE1009D9F86 /* SceneDelegate.swift in Sources */,
			);
			runOnlyForDeploymentPostprocessing = 0;
		};
		DBB68B29251B1AE3009D9F86 /* Sources */ = {
			isa = PBXSourcesBuildPhase;
			buildActionMask = 2147483647;
			files = (
				DBB68B32251B1AE3009D9F86 /* HelloWorldTests.swift in Sources */,
			);
			runOnlyForDeploymentPostprocessing = 0;
		};
		DBB68B34251B1AE3009D9F86 /* Sources */ = {
			isa = PBXSourcesBuildPhase;
			buildActionMask = 2147483647;
			files = (
				DBB68B3D251B1AE3009D9F86 /* HelloWorldUITests.swift in Sources */,
			);
			runOnlyForDeploymentPostprocessing = 0;
		};
/* End PBXSourcesBuildPhase section */

/* Begin PBXTargetDependency section */
		DBB68B2F251B1AE3009D9F86 /* PBXTargetDependency */ = {
			isa = PBXTargetDependency;
			target = DBB68B16251B1AE1009D9F86 /* HelloWorld */;
			targetProxy = DBB68B2E251B1AE3009D9F86 /* PBXContainerItemProxy */;
		};
		DBB68B3A251B1AE3009D9F86 /* PBXTargetDependency */ = {
			isa = PBXTargetDependency;
			target = DBB68B16251B1AE1009D9F86 /* HelloWorld */;
			targetProxy = DBB68B39251B1AE3009D9F86 /* PBXContainerItemProxy */;
		};
/* End PBXTargetDependency section */

/* Begin PBXVariantGroup section */
		DBB68B20251B1AE1009D9F86 /* Main.storyboard */ = {
			isa = PBXVariantGroup;
			children = (
				DBB68B21251B1AE1009D9F86 /* Base */,
			);
			name = Main.storyboard;
			sourceTree = "<group>";
		};
		DBB68B25251B1AE3009D9F86 /* LaunchScreen.storyboard */ = {
			isa = PBXVariantGroup;
			children = (
				DBB68B26251B1AE3009D9F86 /* Base */,
			);
			name = LaunchScreen.storyboard;
			sourceTree = "<group>";
		};
/* End PBXVariantGroup section */

/* Begin XCBuildConfiguration section */
		DBB68B3F251B1AE3009D9F86 /* Debug */ = {
			isa = XCBuildConfiguration;
			buildSettings = {
				ALWAYS_SEARCH_USER_PATHS = NO;
				CLANG_ANALYZER_NONNULL = YES;
				CLANG_ANALYZER_NUMBER_OBJECT_CONVERSION = YES_AGGRESSIVE;
				CLANG_CXX_LANGUAGE_STANDARD = "gnu++14";
				CLANG_CXX_LIBRARY = "libc++";
				CLANG_ENABLE_MODULES = YES;
				CLANG_ENABLE_OBJC_ARC = YES;
				CLANG_ENABLE_OBJC_WEAK = YES;
				CLANG_WARN_BLOCK_CAPTURE_AUTORELEASING = YES;
				CLANG_WARN_BOOL_CONVERSION = YES;
				CLANG_WARN_COMMA = YES;
				CLANG_WARN_CONSTANT_CONVERSION = YES;
				CLANG_WARN_DEPRECATED_OBJC_IMPLEMENTATIONS = YES;
				CLANG_WARN_DIRECT_OBJC_ISA_USAGE = YES_ERROR;
				CLANG_WARN_DOCUMENTATION_COMMENTS = YES;
				CLANG_WARN_EMPTY_BODY = YES;
				CLANG_WARN_ENUM_CONVERSION = YES;
				CLANG_WARN_INFINITE_RECURSION = YES;
				CLANG_WARN_INT_CONVERSION = YES;
				CLANG_WARN_NON_LITERAL_NULL_CONVERSION = YES;
				CLANG_WARN_OBJC_IMPLICIT_RETAIN_SELF = YES;
				CLANG_WARN_OBJC_LITERAL_CONVERSION = YES;
				CLANG_WARN_OBJC_ROOT_CLASS = YES_ERROR;
				CLANG_WARN_QUOTED_INCLUDE_IN_FRAMEWORK_HEADER = YES;
				CLANG_WARN_RANGE_LOOP_ANALYSIS = YES;
				CLANG_WARN_STRICT_PROTOTYPES = YES;
				CLANG_WARN_SUSPICIOUS_MOVE = YES;
				CLANG_WARN_UNGUARDED_AVAILABILITY = YES_AGGRESSIVE;
				CLANG_WARN_UNREACHABLE_CODE = YES;
				CLANG_WARN__DUPLICATE_METHOD_MATCH = YES;
				COPY_PHASE_STRIP = NO;
				DEBUG_INFORMATION_FORMAT = dwarf;
				ENABLE_STRICT_OBJC_MSGSEND = YES;
				ENABLE_TESTABILITY = YES;
				GCC_C_LANGUAGE_STANDARD = gnu11;
				GCC_DYNAMIC_NO_PIC = NO;
				GCC_NO_COMMON_BLOCKS = YES;
				GCC_OPTIMIZATION_LEVEL = 0;
				GCC_PREPROCESSOR_DEFINITIONS = (
					"DEBUG=1",
					"$(inherited)",
				);
				GCC_WARN_64_TO_32_BIT_CONVERSION = YES;
				GCC_WARN_ABOUT_RETURN_TYPE = YES_ERROR;
				GCC_WARN_UNDECLARED_SELECTOR = YES;
				GCC_WARN_UNINITIALIZED_AUTOS = YES_AGGRESSIVE;
				GCC_WARN_UNUSED_FUNCTION = YES;
				GCC_WARN_UNUSED_VARIABLE = YES;
				IPHONEOS_DEPLOYMENT_TARGET = 14.0;
				MTL_ENABLE_DEBUG_INFO = INCLUDE_SOURCE;
				MTL_FAST_MATH = YES;
				ONLY_ACTIVE_ARCH = YES;
				SDKROOT = iphoneos;
				SWIFT_ACTIVE_COMPILATION_CONDITIONS = DEBUG;
				SWIFT_OPTIMIZATION_LEVEL = "-Onone";
			};
			name = Debug;
		};
		DBB68B40251B1AE3009D9F86 /* Release */ = {
			isa = XCBuildConfiguration;
			buildSettings = {
				ALWAYS_SEARCH_USER_PATHS = NO;
				CLANG_ANALYZER_NONNULL = YES;
				CLANG_ANALYZER_NUMBER_OBJECT_CONVERSION = YES_AGGRESSIVE;
				CLANG_CXX_LANGUAGE_STANDARD = "gnu++14";
				CLANG_CXX_LIBRARY = "libc++";
				CLANG_ENABLE_MODULES = YES;
				CLANG_ENABLE_OBJC_ARC = YES;
				CLANG_ENABLE_OBJC_WEAK = YES;
				CLANG_WARN_BLOCK_CAPTURE_AUTORELEASING = YES;
				CLANG_WARN_BOOL_CONVERSION = YES;
				CLANG_WARN_COMMA = YES;
				CLANG_WARN_CONSTANT_CONVERSION = YES;
				CLANG_WARN_DEPRECATED_OBJC_IMPLEMENTATIONS = YES;
				CLANG_WARN_DIRECT_OBJC_ISA_USAGE = YES_ERROR;
				CLANG_WARN_DOCUMENTATION_COMMENTS = YES;
				CLANG_WARN_EMPTY_BODY = YES;
				CLANG_WARN_ENUM_CONVERSION = YES;
				CLANG_WARN_INFINITE_RECURSION = YES;
				CLANG_WARN_INT_CONVERSION = YES;
				CLANG_WARN_NON_LITERAL_NULL_CONVERSION = YES;
				CLANG_WARN_OBJC_IMPLICIT_RETAIN_SELF = YES;
				CLANG_WARN_OBJC_LITERAL_CONVERSION = YES;
				CLANG_WARN_OBJC_ROOT_CLASS = YES_ERROR;
				CLANG_WARN_QUOTED_INCLUDE_IN_FRAMEWORK_HEADER = YES;
				CLANG_WARN_RANGE_LOOP_ANALYSIS = YES;
				CLANG_WARN_STRICT_PROTOTYPES = YES;
				CLANG_WARN_SUSPICIOUS_MOVE = YES;
				CLANG_WARN_UNGUARDED_AVAILABILITY = YES_AGGRESSIVE;
				CLANG_WARN_UNREACHABLE_CODE = YES;
				CLANG_WARN__DUPLICATE_METHOD_MATCH = YES;
				COPY_PHASE_STRIP = NO;
				DEBUG_INFORMATION_FORMAT = "dwarf-with-dsym";
				ENABLE_NS_ASSERTIONS = NO;
				ENABLE_STRICT_OBJC_MSGSEND = YES;
				GCC_C_LANGUAGE_STANDARD = gnu11;
				GCC_NO_COMMON_BLOCKS = YES;
				GCC_WARN_64_TO_32_BIT_CONVERSION = YES;
				GCC_WARN_ABOUT_RETURN_TYPE = YES_ERROR;
				GCC_WARN_UNDECLARED_SELECTOR = YES;
				GCC_WARN_UNINITIALIZED_AUTOS = YES_AGGRESSIVE;
				GCC_WARN_UNUSED_FUNCTION = YES;
				GCC_WARN_UNUSED_VARIABLE = YES;
				IPHONEOS_DEPLOYMENT_TARGET = 14.0;
				MTL_ENABLE_DEBUG_INFO = NO;
				MTL_FAST_MATH = YES;
				SDKROOT = iphoneos;
				SWIFT_COMPILATION_MODE = wholemodule;
				SWIFT_OPTIMIZATION_LEVEL = "-O";
				VALIDATE_PRODUCT = YES;
			};
			name = Release;
		};
		DBB68B42251B1AE3009D9F86 /* Debug */ = {
			isa = XCBuildConfiguration;
			buildSettings = {
				ASSETCATALOG_COMPILER_APPICON_NAME = AppIcon;
				ASSETCATALOG_COMPILER_GLOBAL_ACCENT_COLOR_NAME = AccentColor;
				CODE_SIGN_STYLE = Automatic;
				DEVELOPMENT_TEAM = 8JNY38S9UY;
				INFOPLIST_FILE = HelloWorld/Info.plist;
				LD_RUNPATH_SEARCH_PATHS = (
					"$(inherited)",
					"@executable_path/Frameworks",
				);
				PRODUCT_BUNDLE_IDENTIFIER = Younhong.HelloWorld;
				PRODUCT_NAME = "$(TARGET_NAME)";
				SWIFT_VERSION = 5.0;
				TARGETED_DEVICE_FAMILY = "1,2";
			};
			name = Debug;
		};
		DBB68B43251B1AE3009D9F86 /* Release */ = {
			isa = XCBuildConfiguration;
			buildSettings = {
				ASSETCATALOG_COMPILER_APPICON_NAME = AppIcon;
				ASSETCATALOG_COMPILER_GLOBAL_ACCENT_COLOR_NAME = AccentColor;
				CODE_SIGN_STYLE = Automatic;
				DEVELOPMENT_TEAM = 8JNY38S9UY;
				INFOPLIST_FILE = HelloWorld/Info.plist;
				LD_RUNPATH_SEARCH_PATHS = (
					"$(inherited)",
					"@executable_path/Frameworks",
				);
				PRODUCT_BUNDLE_IDENTIFIER = Younhong.HelloWorld;
				PRODUCT_NAME = "$(TARGET_NAME)";
				SWIFT_VERSION = 5.0;
				TARGETED_DEVICE_FAMILY = "1,2";
			};
			name = Release;
		};
		DBB68B45251B1AE3009D9F86 /* Debug */ = {
			isa = XCBuildConfiguration;
			buildSettings = {
				ALWAYS_EMBED_SWIFT_STANDARD_LIBRARIES = YES;
				BUNDLE_LOADER = "$(TEST_HOST)";
				CODE_SIGN_STYLE = Automatic;
				DEVELOPMENT_TEAM = 8JNY38S9UY;
				INFOPLIST_FILE = HelloWorldTests/Info.plist;
				IPHONEOS_DEPLOYMENT_TARGET = 14.0;
				LD_RUNPATH_SEARCH_PATHS = (
					"$(inherited)",
					"@executable_path/Frameworks",
					"@loader_path/Frameworks",
				);
				PRODUCT_BUNDLE_IDENTIFIER = Younhong.HelloWorldTests;
				PRODUCT_NAME = "$(TARGET_NAME)";
				SWIFT_VERSION = 5.0;
				TARGETED_DEVICE_FAMILY = "1,2";
				TEST_HOST = "$(BUILT_PRODUCTS_DIR)/HelloWorld.app/HelloWorld";
			};
			name = Debug;
		};
		DBB68B46251B1AE3009D9F86 /* Release */ = {
			isa = XCBuildConfiguration;
			buildSettings = {
				ALWAYS_EMBED_SWIFT_STANDARD_LIBRARIES = YES;
				BUNDLE_LOADER = "$(TEST_HOST)";
				CODE_SIGN_STYLE = Automatic;
				DEVELOPMENT_TEAM = 8JNY38S9UY;
				INFOPLIST_FILE = HelloWorldTests/Info.plist;
				IPHONEOS_DEPLOYMENT_TARGET = 14.0;
				LD_RUNPATH_SEARCH_PATHS = (
					"$(inherited)",
					"@executable_path/Frameworks",
					"@loader_path/Frameworks",
				);
				PRODUCT_BUNDLE_IDENTIFIER = Younhong.HelloWorldTests;
				PRODUCT_NAME = "$(TARGET_NAME)";
				SWIFT_VERSION = 5.0;
				TARGETED_DEVICE_FAMILY = "1,2";
				TEST_HOST = "$(BUILT_PRODUCTS_DIR)/HelloWorld.app/HelloWorld";
			};
			name = Release;
		};
		DBB68B48251B1AE3009D9F86 /* Debug */ = {
			isa = XCBuildConfiguration;
			buildSettings = {
				ALWAYS_EMBED_SWIFT_STANDARD_LIBRARIES = YES;
				CODE_SIGN_STYLE = Automatic;
				DEVELOPMENT_TEAM = 8JNY38S9UY;
				INFOPLIST_FILE = HelloWorldUITests/Info.plist;
				LD_RUNPATH_SEARCH_PATHS = (
					"$(inherited)",
					"@executable_path/Frameworks",
					"@loader_path/Frameworks",
				);
				PRODUCT_BUNDLE_IDENTIFIER = Younhong.HelloWorldUITests;
				PRODUCT_NAME = "$(TARGET_NAME)";
				SWIFT_VERSION = 5.0;
				TARGETED_DEVICE_FAMILY = "1,2";
				TEST_TARGET_NAME = HelloWorld;
			};
			name = Debug;
		};
		DBB68B49251B1AE3009D9F86 /* Release */ = {
			isa = XCBuildConfiguration;
			buildSettings = {
				ALWAYS_EMBED_SWIFT_STANDARD_LIBRARIES = YES;
				CODE_SIGN_STYLE = Automatic;
				DEVELOPMENT_TEAM = 8JNY38S9UY;
				INFOPLIST_FILE = HelloWorldUITests/Info.plist;
				LD_RUNPATH_SEARCH_PATHS = (
					"$(inherited)",
					"@executable_path/Frameworks",
					"@loader_path/Frameworks",
				);
				PRODUCT_BUNDLE_IDENTIFIER = Younhong.HelloWorldUITests;
				PRODUCT_NAME = "$(TARGET_NAME)";
				SWIFT_VERSION = 5.0;
				TARGETED_DEVICE_FAMILY = "1,2";
				TEST_TARGET_NAME = HelloWorld;
			};
			name = Release;
		};
/* End XCBuildConfiguration section */

/* Begin XCConfigurationList section */
		DBB68B12251B1AE1009D9F86 /* Build configuration list for PBXProject "HelloWorld" */ = {
			isa = XCConfigurationList;
			buildConfigurations = (
				DBB68B3F251B1AE3009D9F86 /* Debug */,
				DBB68B40251B1AE3009D9F86 /* Release */,
			);
			defaultConfigurationIsVisible = 0;
			defaultConfigurationName = Release;
		};
		DBB68B41251B1AE3009D9F86 /* Build configuration list for PBXNativeTarget "HelloWorld" */ = {
			isa = XCConfigurationList;
			buildConfigurations = (
				DBB68B42251B1AE3009D9F86 /* Debug */,
				DBB68B43251B1AE3009D9F86 /* Release */,
			);
			defaultConfigurationIsVisible = 0;
			defaultConfigurationName = Release;
		};
		DBB68B44251B1AE3009D9F86 /* Build configuration list for PBXNativeTarget "HelloWorldTests" */ = {
			isa = XCConfigurationList;
			buildConfigurations = (
				DBB68B45251B1AE3009D9F86 /* Debug */,
				DBB68B46251B1AE3009D9F86 /* Release */,
			);
			defaultConfigurationIsVisible = 0;
			defaultConfigurationName = Release;
		};
		DBB68B47251B1AE3009D9F86 /* Build configuration list for PBXNativeTarget "HelloWorldUITests" */ = {
			isa = XCConfigurationList;
			buildConfigurations = (
				DBB68B48251B1AE3009D9F86 /* Debug */,
				DBB68B49251B1AE3009D9F86 /* Release */,
			);
			defaultConfigurationIsVisible = 0;
			defaultConfigurationName = Release;
		};
/* End XCConfigurationList section */
	};
	rootObject = DBB68B0F251B1AE1009D9F86 /* Project object */;
}
