// !$*UTF8*$!
{
	archiveVersion = 1;
	classes = {
	};
	objectVersion = 50;
	objects = {

/* Begin PBXBuildFile section */
		DB720473251D92E400662CC6 /* AppDelegate.swift in Sources */ = {isa = PBXBuildFile; fileRef = DB720472251D92E400662CC6 /* AppDelegate.swift */; };
		DB720475251D92E400662CC6 /* SceneDelegate.swift in Sources */ = {isa = PBXBuildFile; fileRef = DB720474251D92E400662CC6 /* SceneDelegate.swift */; };
		DB720477251D92E400662CC6 /* ViewController.swift in Sources */ = {isa = PBXBuildFile; fileRef = DB720476251D92E400662CC6 /* ViewController.swift */; };
		DB72047A251D92E400662CC6 /* Main.storyboard in Resources */ = {isa = PBXBuildFile; fileRef = DB720478251D92E400662CC6 /* Main.storyboard */; };
		DB72047C251D92E700662CC6 /* Assets.xcassets in Resources */ = {isa = PBXBuildFile; fileRef = DB72047B251D92E700662CC6 /* Assets.xcassets */; };
		DB72047F251D92E700662CC6 /* LaunchScreen.storyboard in Resources */ = {isa = PBXBuildFile; fileRef = DB72047D251D92E700662CC6 /* LaunchScreen.storyboard */; };
		DB72048A251D92E800662CC6 /* TabMissionTests.swift in Sources */ = {isa = PBXBuildFile; fileRef = DB720489251D92E800662CC6 /* TabMissionTests.swift */; };
		DB720495251D92E800662CC6 /* TabMissionUITests.swift in Sources */ = {isa = PBXBuildFile; fileRef = DB720494251D92E800662CC6 /* TabMissionUITests.swift */; };
		DB7204A8251D931800662CC6 /* lamp_off.png in Resources */ = {isa = PBXBuildFile; fileRef = DB7204A5251D931800662CC6 /* lamp_off.png */; };
		DB7204A9251D931800662CC6 /* lamp_on.png in Resources */ = {isa = PBXBuildFile; fileRef = DB7204A6251D931800662CC6 /* lamp_on.png */; };
		DB7204AA251D931800662CC6 /* File.png in Resources */ = {isa = PBXBuildFile; fileRef = DB7204A7251D931800662CC6 /* File.png */; };
		DB7204B0251D934C00662CC6 /* DateViewController.swift in Sources */ = {isa = PBXBuildFile; fileRef = DB7204AE251D934C00662CC6 /* DateViewController.swift */; };
		DB7204B1251D934C00662CC6 /* ImageViewController.swift in Sources */ = {isa = PBXBuildFile; fileRef = DB7204AF251D934C00662CC6 /* ImageViewController.swift */; };
		DB7204C0251D950300662CC6 /* 8.jpg in Resources */ = {isa = PBXBuildFile; fileRef = DB7204B6251D950300662CC6 /* 8.jpg */; };
		DB7204C1251D950300662CC6 /* 9.jpg in Resources */ = {isa = PBXBuildFile; fileRef = DB7204B7251D950300662CC6 /* 9.jpg */; };
		DB7204C2251D950300662CC6 /* 10.jpg in Resources */ = {isa = PBXBuildFile; fileRef = DB7204B8251D950300662CC6 /* 10.jpg */; };
		DB7204C3251D950300662CC6 /* 4.jpg in Resources */ = {isa = PBXBuildFile; fileRef = DB7204B9251D950300662CC6 /* 4.jpg */; };
		DB7204C4251D950300662CC6 /* 5.jpg in Resources */ = {isa = PBXBuildFile; fileRef = DB7204BA251D950300662CC6 /* 5.jpg */; };
		DB7204C5251D950300662CC6 /* 7.jpg in Resources */ = {isa = PBXBuildFile; fileRef = DB7204BB251D950300662CC6 /* 7.jpg */; };
		DB7204C6251D950300662CC6 /* 6.jpg in Resources */ = {isa = PBXBuildFile; fileRef = DB7204BC251D950300662CC6 /* 6.jpg */; };
		DB7204C7251D950300662CC6 /* 2.jpg in Resources */ = {isa = PBXBuildFile; fileRef = DB7204BD251D950300662CC6 /* 2.jpg */; };
		DB7204C8251D950300662CC6 /* 3.jpg in Resources */ = {isa = PBXBuildFile; fileRef = DB7204BE251D950300662CC6 /* 3.jpg */; };
		DB7204C9251D950300662CC6 /* 1.jpg in Resources */ = {isa = PBXBuildFile; fileRef = DB7204BF251D950300662CC6 /* 1.jpg */; };
		DB7D601A251D96F30030C41E /* PickerViewController.swift in Sources */ = {isa = PBXBuildFile; fileRef = DB7D6019251D96F20030C41E /* PickerViewController.swift */; };
/* End PBXBuildFile section */

/* Begin PBXContainerItemProxy section */
		DB720486251D92E800662CC6 /* PBXContainerItemProxy */ = {
			isa = PBXContainerItemProxy;
			containerPortal = DB720467251D92E400662CC6 /* Project object */;
			proxyType = 1;
			remoteGlobalIDString = DB72046E251D92E400662CC6;
			remoteInfo = TabMission;
		};
		DB720491251D92E800662CC6 /* PBXContainerItemProxy */ = {
			isa = PBXContainerItemProxy;
			containerPortal = DB720467251D92E400662CC6 /* Project object */;
			proxyType = 1;
			remoteGlobalIDString = DB72046E251D92E400662CC6;
			remoteInfo = TabMission;
		};
/* End PBXContainerItemProxy section */

/* Begin PBXFileReference section */
		DB72046F251D92E400662CC6 /* TabMission.app */ = {isa = PBXFileReference; explicitFileType = wrapper.application; includeInIndex = 0; path = TabMission.app; sourceTree = BUILT_PRODUCTS_DIR; };
		DB720472251D92E400662CC6 /* AppDelegate.swift */ = {isa = PBXFileReference; lastKnownFileType = sourcecode.swift; path = AppDelegate.swift; sourceTree = "<group>"; };
		DB720474251D92E400662CC6 /* SceneDelegate.swift */ = {isa = PBXFileReference; lastKnownFileType = sourcecode.swift; path = SceneDelegate.swift; sourceTree = "<group>"; };
		DB720476251D92E400662CC6 /* ViewController.swift */ = {isa = PBXFileReference; lastKnownFileType = sourcecode.swift; path = ViewController.swift; sourceTree = "<group>"; };
		DB720479251D92E400662CC6 /* Base */ = {isa = PBXFileReference; lastKnownFileType = file.storyboard; name = Base; path = Base.lproj/Main.storyboard; sourceTree = "<group>"; };
		DB72047B251D92E700662CC6 /* Assets.xcassets */ = {isa = PBXFileReference; lastKnownFileType = folder.assetcatalog; path = Assets.xcassets; sourceTree = "<group>"; };
		DB72047E251D92E700662CC6 /* Base */ = {isa = PBXFileReference; lastKnownFileType = file.storyboard; name = Base; path = Base.lproj/LaunchScreen.storyboard; sourceTree = "<group>"; };
		DB720480251D92E700662CC6 /* Info.plist */ = {isa = PBXFileReference; lastKnownFileType = text.plist.xml; path = Info.plist; sourceTree = "<group>"; };
		DB720485251D92E800662CC6 /* TabMissionTests.xctest */ = {isa = PBXFileReference; explicitFileType = wrapper.cfbundle; includeInIndex = 0; path = TabMissionTests.xctest; sourceTree = BUILT_PRODUCTS_DIR; };
		DB720489251D92E800662CC6 /* TabMissionTests.swift */ = {isa = PBXFileReference; lastKnownFileType = sourcecode.swift; path = TabMissionTests.swift; sourceTree = "<group>"; };
		DB72048B251D92E800662CC6 /* Info.plist */ = {isa = PBXFileReference; lastKnownFileType = text.plist.xml; path = Info.plist; sourceTree = "<group>"; };
		DB720490251D92E800662CC6 /* TabMissionUITests.xctest */ = {isa = PBXFileReference; explicitFileType = wrapper.cfbundle; includeInIndex = 0; path = TabMissionUITests.xctest; sourceTree = BUILT_PRODUCTS_DIR; };
		DB720494251D92E800662CC6 /* TabMissionUITests.swift */ = {isa = PBXFileReference; lastKnownFileType = sourcecode.swift; path = TabMissionUITests.swift; sourceTree = "<group>"; };
		DB720496251D92E800662CC6 /* Info.plist */ = {isa = PBXFileReference; lastKnownFileType = text.plist.xml; path = Info.plist; sourceTree = "<group>"; };
		DB7204A5251D931800662CC6 /* lamp_off.png */ = {isa = PBXFileReference; lastKnownFileType = image.png; path = lamp_off.png; sourceTree = "<group>"; };
		DB7204A6251D931800662CC6 /* lamp_on.png */ = {isa = PBXFileReference; lastKnownFileType = image.png; path = lamp_on.png; sourceTree = "<group>"; };
		DB7204A7251D931800662CC6 /* File.png */ = {isa = PBXFileReference; lastKnownFileType = image.png; path = File.png; sourceTree = "<group>"; };
		DB7204AE251D934C00662CC6 /* DateViewController.swift */ = {isa = PBXFileReference; fileEncoding = 4; lastKnownFileType = sourcecode.swift; name = DateViewController.swift; path = ../../Tab/Tab/DateViewController.swift; sourceTree = "<group>"; };
		DB7204AF251D934C00662CC6 /* ImageViewController.swift */ = {isa = PBXFileReference; fileEncoding = 4; lastKnownFileType = sourcecode.swift; name = ImageViewController.swift; path = ../../Tab/Tab/ImageViewController.swift; sourceTree = "<group>"; };
		DB7204B6251D950300662CC6 /* 8.jpg */ = {isa = PBXFileReference; lastKnownFileType = image.jpeg; path = 8.jpg; sourceTree = "<group>"; };
		DB7204B7251D950300662CC6 /* 9.jpg */ = {isa = PBXFileReference; lastKnownFileType = image.jpeg; path = 9.jpg; sourceTree = "<group>"; };
		DB7204B8251D950300662CC6 /* 10.jpg */ = {isa = PBXFileReference; lastKnownFileType = image.jpeg; path = 10.jpg; sourceTree = "<group>"; };
		DB7204B9251D950300662CC6 /* 4.jpg */ = {isa = PBXFileReference; lastKnownFileType = image.jpeg; path = 4.jpg; sourceTree = "<group>"; };
		DB7204BA251D950300662CC6 /* 5.jpg */ = {isa = PBXFileReference; lastKnownFileType = image.jpeg; path = 5.jpg; sourceTree = "<group>"; };
		DB7204BB251D950300662CC6 /* 7.jpg */ = {isa = PBXFileReference; lastKnownFileType = image.jpeg; path = 7.jpg; sourceTree = "<group>"; };
		DB7204BC251D950300662CC6 /* 6.jpg */ = {isa = PBXFileReference; lastKnownFileType = image.jpeg; path = 6.jpg; sourceTree = "<group>"; };
		DB7204BD251D950300662CC6 /* 2.jpg */ = {isa = PBXFileReference; lastKnownFileType = image.jpeg; path = 2.jpg; sourceTree = "<group>"; };
		DB7204BE251D950300662CC6 /* 3.jpg */ = {isa = PBXFileReference; lastKnownFileType = image.jpeg; path = 3.jpg; sourceTree = "<group>"; };
		DB7204BF251D950300662CC6 /* 1.jpg */ = {isa = PBXFileReference; lastKnownFileType = image.jpeg; path = 1.jpg; sourceTree = "<group>"; };
		DB7D6019251D96F20030C41E /* PickerViewController.swift */ = {isa = PBXFileReference; fileEncoding = 4; lastKnownFileType = sourcecode.swift; path = PickerViewController.swift; sourceTree = "<group>"; };
/* End PBXFileReference section */

/* Begin PBXFrameworksBuildPhase section */
		DB72046C251D92E400662CC6 /* Frameworks */ = {
			isa = PBXFrameworksBuildPhase;
			buildActionMask = 2147483647;
			files = (
			);
			runOnlyForDeploymentPostprocessing = 0;
		};
		DB720482251D92E800662CC6 /* Frameworks */ = {
			isa = PBXFrameworksBuildPhase;
			buildActionMask = 2147483647;
			files = (
			);
			runOnlyForDeploymentPostprocessing = 0;
		};
		DB72048D251D92E800662CC6 /* Frameworks */ = {
			isa = PBXFrameworksBuildPhase;
			buildActionMask = 2147483647;
			files = (
			);
			runOnlyForDeploymentPostprocessing = 0;
		};
/* End PBXFrameworksBuildPhase section */

/* Begin PBXGroup section */
		DB720466251D92E400662CC6 = {
			isa = PBXGroup;
			children = (
				DB720471251D92E400662CC6 /* TabMission */,
				DB720488251D92E800662CC6 /* TabMissionTests */,
				DB720493251D92E800662CC6 /* TabMissionUITests */,
				DB720470251D92E400662CC6 /* Products */,
			);
			sourceTree = "<group>";
		};
		DB720470251D92E400662CC6 /* Products */ = {
			isa = PBXGroup;
			children = (
				DB72046F251D92E400662CC6 /* TabMission.app */,
				DB720485251D92E800662CC6 /* TabMissionTests.xctest */,
				DB720490251D92E800662CC6 /* TabMissionUITests.xctest */,
			);
			name = Products;
			sourceTree = "<group>";
		};
		DB720471251D92E400662CC6 /* TabMission */ = {
			isa = PBXGroup;
			children = (
				DB7204B5251D950300662CC6 /* images */,
				DB7204AE251D934C00662CC6 /* DateViewController.swift */,
				DB7204AF251D934C00662CC6 /* ImageViewController.swift */,
				DB7D6019251D96F20030C41E /* PickerViewController.swift */,
				DB720472251D92E400662CC6 /* AppDelegate.swift */,
				DB720474251D92E400662CC6 /* SceneDelegate.swift */,
				DB720476251D92E400662CC6 /* ViewController.swift */,
				DB720478251D92E400662CC6 /* Main.storyboard */,
				DB72047B251D92E700662CC6 /* Assets.xcassets */,
				DB72047D251D92E700662CC6 /* LaunchScreen.storyboard */,
				DB720480251D92E700662CC6 /* Info.plist */,
			);
			path = TabMission;
			sourceTree = "<group>";
		};
		DB720488251D92E800662CC6 /* TabMissionTests */ = {
			isa = PBXGroup;
			children = (
				DB720489251D92E800662CC6 /* TabMissionTests.swift */,
				DB72048B251D92E800662CC6 /* Info.plist */,
			);
			path = TabMissionTests;
			sourceTree = "<group>";
		};
		DB720493251D92E800662CC6 /* TabMissionUITests */ = {
			isa = PBXGroup;
			children = (
				DB720494251D92E800662CC6 /* TabMissionUITests.swift */,
				DB720496251D92E800662CC6 /* Info.plist */,
			);
			path = TabMissionUITests;
			sourceTree = "<group>";
		};
		DB7204B5251D950300662CC6 /* images */ = {
			isa = PBXGroup;
			children = (
				DB7204A7251D931800662CC6 /* File.png */,
				DB7204A5251D931800662CC6 /* lamp_off.png */,
				DB7204A6251D931800662CC6 /* lamp_on.png */,
				DB7204B6251D950300662CC6 /* 8.jpg */,
				DB7204B7251D950300662CC6 /* 9.jpg */,
				DB7204B8251D950300662CC6 /* 10.jpg */,
				DB7204B9251D950300662CC6 /* 4.jpg */,
				DB7204BA251D950300662CC6 /* 5.jpg */,
				DB7204BB251D950300662CC6 /* 7.jpg */,
				DB7204BC251D950300662CC6 /* 6.jpg */,
				DB7204BD251D950300662CC6 /* 2.jpg */,
				DB7204BE251D950300662CC6 /* 3.jpg */,
				DB7204BF251D950300662CC6 /* 1.jpg */,
			);
			name = images;
			path = ../../PickerView/PickerView/images;
			sourceTree = "<group>";
		};
/* End PBXGroup section */

/* Begin PBXNativeTarget section */
		DB72046E251D92E400662CC6 /* TabMission */ = {
			isa = PBXNativeTarget;
			buildConfigurationList = DB720499251D92E800662CC6 /* Build configuration list for PBXNativeTarget "TabMission" */;
			buildPhases = (
				DB72046B251D92E400662CC6 /* Sources */,
				DB72046C251D92E400662CC6 /* Frameworks */,
				DB72046D251D92E400662CC6 /* Resources */,
			);
			buildRules = (
			);
			dependencies = (
			);
			name = TabMission;
			productName = TabMission;
			productReference = DB72046F251D92E400662CC6 /* TabMission.app */;
			productType = "com.apple.product-type.application";
		};
		DB720484251D92E800662CC6 /* TabMissionTests */ = {
			isa = PBXNativeTarget;
			buildConfigurationList = DB72049C251D92E800662CC6 /* Build configuration list for PBXNativeTarget "TabMissionTests" */;
			buildPhases = (
				DB720481251D92E800662CC6 /* Sources */,
				DB720482251D92E800662CC6 /* Frameworks */,
				DB720483251D92E800662CC6 /* Resources */,
			);
			buildRules = (
			);
			dependencies = (
				DB720487251D92E800662CC6 /* PBXTargetDependency */,
			);
			name = TabMissionTests;
			productName = TabMissionTests;
			productReference = DB720485251D92E800662CC6 /* TabMissionTests.xctest */;
			productType = "com.apple.product-type.bundle.unit-test";
		};
		DB72048F251D92E800662CC6 /* TabMissionUITests */ = {
			isa = PBXNativeTarget;
			buildConfigurationList = DB72049F251D92E800662CC6 /* Build configuration list for PBXNativeTarget "TabMissionUITests" */;
			buildPhases = (
				DB72048C251D92E800662CC6 /* Sources */,
				DB72048D251D92E800662CC6 /* Frameworks */,
				DB72048E251D92E800662CC6 /* Resources */,
			);
			buildRules = (
			);
			dependencies = (
				DB720492251D92E800662CC6 /* PBXTargetDependency */,
			);
			name = TabMissionUITests;
			productName = TabMissionUITests;
			productReference = DB720490251D92E800662CC6 /* TabMissionUITests.xctest */;
			productType = "com.apple.product-type.bundle.ui-testing";
		};
/* End PBXNativeTarget section */

/* Begin PBXProject section */
		DB720467251D92E400662CC6 /* Project object */ = {
			isa = PBXProject;
			attributes = {
				LastSwiftUpdateCheck = 1200;
				LastUpgradeCheck = 1200;
				TargetAttributes = {
					DB72046E251D92E400662CC6 = {
						CreatedOnToolsVersion = 12.0;
					};
					DB720484251D92E800662CC6 = {
						CreatedOnToolsVersion = 12.0;
						TestTargetID = DB72046E251D92E400662CC6;
					};
					DB72048F251D92E800662CC6 = {
						CreatedOnToolsVersion = 12.0;
						TestTargetID = DB72046E251D92E400662CC6;
					};
				};
			};
			buildConfigurationList = DB72046A251D92E400662CC6 /* Build configuration list for PBXProject "TabMission" */;
			compatibilityVersion = "Xcode 9.3";
			developmentRegion = en;
			hasScannedForEncodings = 0;
			knownRegions = (
				en,
				Base,
			);
			mainGroup = DB720466251D92E400662CC6;
			productRefGroup = DB720470251D92E400662CC6 /* Products */;
			projectDirPath = "";
			projectRoot = "";
			targets = (
				DB72046E251D92E400662CC6 /* TabMission */,
				DB720484251D92E800662CC6 /* TabMissionTests */,
				DB72048F251D92E800662CC6 /* TabMissionUITests */,
			);
		};
/* End PBXProject section */

/* Begin PBXResourcesBuildPhase section */
		DB72046D251D92E400662CC6 /* Resources */ = {
			isa = PBXResourcesBuildPhase;
			buildActionMask = 2147483647;
			files = (
				DB7204C8251D950300662CC6 /* 3.jpg in Resources */,
				DB7204C4251D950300662CC6 /* 5.jpg in Resources */,
				DB72047F251D92E700662CC6 /* LaunchScreen.storyboard in Resources */,
				DB7204C7251D950300662CC6 /* 2.jpg in Resources */,
				DB7204C6251D950300662CC6 /* 6.jpg in Resources */,
				DB7204C9251D950300662CC6 /* 1.jpg in Resources */,
				DB72047C251D92E700662CC6 /* Assets.xcassets in Resources */,
				DB7204C5251D950300662CC6 /* 7.jpg in Resources */,
				DB7204A9251D931800662CC6 /* lamp_on.png in Resources */,
				DB7204AA251D931800662CC6 /* File.png in Resources */,
				DB7204C2251D950300662CC6 /* 10.jpg in Resources */,
				DB72047A251D92E400662CC6 /* Main.storyboard in Resources */,
				DB7204C1251D950300662CC6 /* 9.jpg in Resources */,
				DB7204A8251D931800662CC6 /* lamp_off.png in Resources */,
				DB7204C3251D950300662CC6 /* 4.jpg in Resources */,
				DB7204C0251D950300662CC6 /* 8.jpg in Resources */,
			);
			runOnlyForDeploymentPostprocessing = 0;
		};
		DB720483251D92E800662CC6 /* Resources */ = {
			isa = PBXResourcesBuildPhase;
			buildActionMask = 2147483647;
			files = (
			);
			runOnlyForDeploymentPostprocessing = 0;
		};
		DB72048E251D92E800662CC6 /* Resources */ = {
			isa = PBXResourcesBuildPhase;
			buildActionMask = 2147483647;
			files = (
			);
			runOnlyForDeploymentPostprocessing = 0;
		};
/* End PBXResourcesBuildPhase section */

/* Begin PBXSourcesBuildPhase section */
		DB72046B251D92E400662CC6 /* Sources */ = {
			isa = PBXSourcesBuildPhase;
			buildActionMask = 2147483647;
			files = (
				DB7D601A251D96F30030C41E /* PickerViewController.swift in Sources */,
				DB7204B0251D934C00662CC6 /* DateViewController.swift in Sources */,
				DB720477251D92E400662CC6 /* ViewController.swift in Sources */,
				DB7204B1251D934C00662CC6 /* ImageViewController.swift in Sources */,
				DB720473251D92E400662CC6 /* AppDelegate.swift in Sources */,
				DB720475251D92E400662CC6 /* SceneDelegate.swift in Sources */,
			);
			runOnlyForDeploymentPostprocessing = 0;
		};
		DB720481251D92E800662CC6 /* Sources */ = {
			isa = PBXSourcesBuildPhase;
			buildActionMask = 2147483647;
			files = (
				DB72048A251D92E800662CC6 /* TabMissionTests.swift in Sources */,
			);
			runOnlyForDeploymentPostprocessing = 0;
		};
		DB72048C251D92E800662CC6 /* Sources */ = {
			isa = PBXSourcesBuildPhase;
			buildActionMask = 2147483647;
			files = (
				DB720495251D92E800662CC6 /* TabMissionUITests.swift in Sources */,
			);
			runOnlyForDeploymentPostprocessing = 0;
		};
/* End PBXSourcesBuildPhase section */

/* Begin PBXTargetDependency section */
		DB720487251D92E800662CC6 /* PBXTargetDependency */ = {
			isa = PBXTargetDependency;
			target = DB72046E251D92E400662CC6 /* TabMission */;
			targetProxy = DB720486251D92E800662CC6 /* PBXContainerItemProxy */;
		};
		DB720492251D92E800662CC6 /* PBXTargetDependency */ = {
			isa = PBXTargetDependency;
			target = DB72046E251D92E400662CC6 /* TabMission */;
			targetProxy = DB720491251D92E800662CC6 /* PBXContainerItemProxy */;
		};
/* End PBXTargetDependency section */

/* Begin PBXVariantGroup section */
		DB720478251D92E400662CC6 /* Main.storyboard */ = {
			isa = PBXVariantGroup;
			children = (
				DB720479251D92E400662CC6 /* Base */,
			);
			name = Main.storyboard;
			sourceTree = "<group>";
		};
		DB72047D251D92E700662CC6 /* LaunchScreen.storyboard */ = {
			isa = PBXVariantGroup;
			children = (
				DB72047E251D92E700662CC6 /* Base */,
			);
			name = LaunchScreen.storyboard;
			sourceTree = "<group>";
		};
/* End PBXVariantGroup section */

/* Begin XCBuildConfiguration section */
		DB720497251D92E800662CC6 /* Debug */ = {
			isa = XCBuildConfiguration;
			buildSettings = {
				ALWAYS_SEARCH_USER_PATHS = NO;
				CLANG_ANALYZER_NONNULL = YES;
				CLANG_ANALYZER_NUMBER_OBJECT_CONVERSION = YES_AGGRESSIVE;
				CLANG_CXX_LANGUAGE_STANDARD = "gnu++14";
				CLANG_CXX_LIBRARY = "libc++";
				CLANG_ENABLE_MODULES = YES;
				CLANG_ENABLE_OBJC_ARC = YES;
				CLANG_ENABLE_OBJC_WEAK = YES;
				CLANG_WARN_BLOCK_CAPTURE_AUTORELEASING = YES;
				CLANG_WARN_BOOL_CONVERSION = YES;
				CLANG_WARN_COMMA = YES;
				CLANG_WARN_CONSTANT_CONVERSION = YES;
				CLANG_WARN_DEPRECATED_OBJC_IMPLEMENTATIONS = YES;
				CLANG_WARN_DIRECT_OBJC_ISA_USAGE = YES_ERROR;
				CLANG_WARN_DOCUMENTATION_COMMENTS = YES;
				CLANG_WARN_EMPTY_BODY = YES;
				CLANG_WARN_ENUM_CONVERSION = YES;
				CLANG_WARN_INFINITE_RECURSION = YES;
				CLANG_WARN_INT_CONVERSION = YES;
				CLANG_WARN_NON_LITERAL_NULL_CONVERSION = YES;
				CLANG_WARN_OBJC_IMPLICIT_RETAIN_SELF = YES;
				CLANG_WARN_OBJC_LITERAL_CONVERSION = YES;
				CLANG_WARN_OBJC_ROOT_CLASS = YES_ERROR;
				CLANG_WARN_QUOTED_INCLUDE_IN_FRAMEWORK_HEADER = YES;
				CLANG_WARN_RANGE_LOOP_ANALYSIS = YES;
				CLANG_WARN_STRICT_PROTOTYPES = YES;
				CLANG_WARN_SUSPICIOUS_MOVE = YES;
				CLANG_WARN_UNGUARDED_AVAILABILITY = YES_AGGRESSIVE;
				CLANG_WARN_UNREACHABLE_CODE = YES;
				CLANG_WARN__DUPLICATE_METHOD_MATCH = YES;
				COPY_PHASE_STRIP = NO;
				DEBUG_INFORMATION_FORMAT = dwarf;
				ENABLE_STRICT_OBJC_MSGSEND = YES;
				ENABLE_TESTABILITY = YES;
				GCC_C_LANGUAGE_STANDARD = gnu11;
				GCC_DYNAMIC_NO_PIC = NO;
				GCC_NO_COMMON_BLOCKS = YES;
				GCC_OPTIMIZATION_LEVEL = 0;
				GCC_PREPROCESSOR_DEFINITIONS = (
					"DEBUG=1",
					"$(inherited)",
				);
				GCC_WARN_64_TO_32_BIT_CONVERSION = YES;
				GCC_WARN_ABOUT_RETURN_TYPE = YES_ERROR;
				GCC_WARN_UNDECLARED_SELECTOR = YES;
				GCC_WARN_UNINITIALIZED_AUTOS = YES_AGGRESSIVE;
				GCC_WARN_UNUSED_FUNCTION = YES;
				GCC_WARN_UNUSED_VARIABLE = YES;
				IPHONEOS_DEPLOYMENT_TARGET = 14.0;
				MTL_ENABLE_DEBUG_INFO = INCLUDE_SOURCE;
				MTL_FAST_MATH = YES;
				ONLY_ACTIVE_ARCH = YES;
				SDKROOT = iphoneos;
				SWIFT_ACTIVE_COMPILATION_CONDITIONS = DEBUG;
				SWIFT_OPTIMIZATION_LEVEL = "-Onone";
			};
			name = Debug;
		};
		DB720498251D92E800662CC6 /* Release */ = {
			isa = XCBuildConfiguration;
			buildSettings = {
				ALWAYS_SEARCH_USER_PATHS = NO;
				CLANG_ANALYZER_NONNULL = YES;
				CLANG_ANALYZER_NUMBER_OBJECT_CONVERSION = YES_AGGRESSIVE;
				CLANG_CXX_LANGUAGE_STANDARD = "gnu++14";
				CLANG_CXX_LIBRARY = "libc++";
				CLANG_ENABLE_MODULES = YES;
				CLANG_ENABLE_OBJC_ARC = YES;
				CLANG_ENABLE_OBJC_WEAK = YES;
				CLANG_WARN_BLOCK_CAPTURE_AUTORELEASING = YES;
				CLANG_WARN_BOOL_CONVERSION = YES;
				CLANG_WARN_COMMA = YES;
				CLANG_WARN_CONSTANT_CONVERSION = YES;
				CLANG_WARN_DEPRECATED_OBJC_IMPLEMENTATIONS = YES;
				CLANG_WARN_DIRECT_OBJC_ISA_USAGE = YES_ERROR;
				CLANG_WARN_DOCUMENTATION_COMMENTS = YES;
				CLANG_WARN_EMPTY_BODY = YES;
				CLANG_WARN_ENUM_CONVERSION = YES;
				CLANG_WARN_INFINITE_RECURSION = YES;
				CLANG_WARN_INT_CONVERSION = YES;
				CLANG_WARN_NON_LITERAL_NULL_CONVERSION = YES;
				CLANG_WARN_OBJC_IMPLICIT_RETAIN_SELF = YES;
				CLANG_WARN_OBJC_LITERAL_CONVERSION = YES;
				CLANG_WARN_OBJC_ROOT_CLASS = YES_ERROR;
				CLANG_WARN_QUOTED_INCLUDE_IN_FRAMEWORK_HEADER = YES;
				CLANG_WARN_RANGE_LOOP_ANALYSIS = YES;
				CLANG_WARN_STRICT_PROTOTYPES = YES;
				CLANG_WARN_SUSPICIOUS_MOVE = YES;
				CLANG_WARN_UNGUARDED_AVAILABILITY = YES_AGGRESSIVE;
				CLANG_WARN_UNREACHABLE_CODE = YES;
				CLANG_WARN__DUPLICATE_METHOD_MATCH = YES;
				COPY_PHASE_STRIP = NO;
				DEBUG_INFORMATION_FORMAT = "dwarf-with-dsym";
				ENABLE_NS_ASSERTIONS = NO;
				ENABLE_STRICT_OBJC_MSGSEND = YES;
				GCC_C_LANGUAGE_STANDARD = gnu11;
				GCC_NO_COMMON_BLOCKS = YES;
				GCC_WARN_64_TO_32_BIT_CONVERSION = YES;
				GCC_WARN_ABOUT_RETURN_TYPE = YES_ERROR;
				GCC_WARN_UNDECLARED_SELECTOR = YES;
				GCC_WARN_UNINITIALIZED_AUTOS = YES_AGGRESSIVE;
				GCC_WARN_UNUSED_FUNCTION = YES;
				GCC_WARN_UNUSED_VARIABLE = YES;
				IPHONEOS_DEPLOYMENT_TARGET = 14.0;
				MTL_ENABLE_DEBUG_INFO = NO;
				MTL_FAST_MATH = YES;
				SDKROOT = iphoneos;
				SWIFT_COMPILATION_MODE = wholemodule;
				SWIFT_OPTIMIZATION_LEVEL = "-O";
				VALIDATE_PRODUCT = YES;
			};
			name = Release;
		};
		DB72049A251D92E800662CC6 /* Debug */ = {
			isa = XCBuildConfiguration;
			buildSettings = {
				ASSETCATALOG_COMPILER_APPICON_NAME = AppIcon;
				ASSETCATALOG_COMPILER_GLOBAL_ACCENT_COLOR_NAME = AccentColor;
				CODE_SIGN_STYLE = Automatic;
				DEVELOPMENT_TEAM = 8JNY38S9UY;
				INFOPLIST_FILE = TabMission/Info.plist;
				LD_RUNPATH_SEARCH_PATHS = (
					"$(inherited)",
					"@executable_path/Frameworks",
				);
				PRODUCT_BUNDLE_IDENTIFIER = Younhong.TabMission;
				PRODUCT_NAME = "$(TARGET_NAME)";
				SWIFT_VERSION = 5.0;
				TARGETED_DEVICE_FAMILY = "1,2";
			};
			name = Debug;
		};
		DB72049B251D92E800662CC6 /* Release */ = {
			isa = XCBuildConfiguration;
			buildSettings = {
				ASSETCATALOG_COMPILER_APPICON_NAME = AppIcon;
				ASSETCATALOG_COMPILER_GLOBAL_ACCENT_COLOR_NAME = AccentColor;
				CODE_SIGN_STYLE = Automatic;
				DEVELOPMENT_TEAM = 8JNY38S9UY;
				INFOPLIST_FILE = TabMission/Info.plist;
				LD_RUNPATH_SEARCH_PATHS = (
					"$(inherited)",
					"@executable_path/Frameworks",
				);
				PRODUCT_BUNDLE_IDENTIFIER = Younhong.TabMission;
				PRODUCT_NAME = "$(TARGET_NAME)";
				SWIFT_VERSION = 5.0;
				TARGETED_DEVICE_FAMILY = "1,2";
			};
			name = Release;
		};
		DB72049D251D92E800662CC6 /* Debug */ = {
			isa = XCBuildConfiguration;
			buildSettings = {
				ALWAYS_EMBED_SWIFT_STANDARD_LIBRARIES = YES;
				BUNDLE_LOADER = "$(TEST_HOST)";
				CODE_SIGN_STYLE = Automatic;
				DEVELOPMENT_TEAM = 8JNY38S9UY;
				INFOPLIST_FILE = TabMissionTests/Info.plist;
				IPHONEOS_DEPLOYMENT_TARGET = 14.0;
				LD_RUNPATH_SEARCH_PATHS = (
					"$(inherited)",
					"@executable_path/Frameworks",
					"@loader_path/Frameworks",
				);
				PRODUCT_BUNDLE_IDENTIFIER = Younhong.TabMissionTests;
				PRODUCT_NAME = "$(TARGET_NAME)";
				SWIFT_VERSION = 5.0;
				TARGETED_DEVICE_FAMILY = "1,2";
				TEST_HOST = "$(BUILT_PRODUCTS_DIR)/TabMission.app/TabMission";
			};
			name = Debug;
		};
		DB72049E251D92E800662CC6 /* Release */ = {
			isa = XCBuildConfiguration;
			buildSettings = {
				ALWAYS_EMBED_SWIFT_STANDARD_LIBRARIES = YES;
				BUNDLE_LOADER = "$(TEST_HOST)";
				CODE_SIGN_STYLE = Automatic;
				DEVELOPMENT_TEAM = 8JNY38S9UY;
				INFOPLIST_FILE = TabMissionTests/Info.plist;
				IPHONEOS_DEPLOYMENT_TARGET = 14.0;
				LD_RUNPATH_SEARCH_PATHS = (
					"$(inherited)",
					"@executable_path/Frameworks",
					"@loader_path/Frameworks",
				);
				PRODUCT_BUNDLE_IDENTIFIER = Younhong.TabMissionTests;
				PRODUCT_NAME = "$(TARGET_NAME)";
				SWIFT_VERSION = 5.0;
				TARGETED_DEVICE_FAMILY = "1,2";
				TEST_HOST = "$(BUILT_PRODUCTS_DIR)/TabMission.app/TabMission";
			};
			name = Release;
		};
		DB7204A0251D92E800662CC6 /* Debug */ = {
			isa = XCBuildConfiguration;
			buildSettings = {
				ALWAYS_EMBED_SWIFT_STANDARD_LIBRARIES = YES;
				CODE_SIGN_STYLE = Automatic;
				DEVELOPMENT_TEAM = 8JNY38S9UY;
				INFOPLIST_FILE = TabMissionUITests/Info.plist;
				LD_RUNPATH_SEARCH_PATHS = (
					"$(inherited)",
					"@executable_path/Frameworks",
					"@loader_path/Frameworks",
				);
				PRODUCT_BUNDLE_IDENTIFIER = Younhong.TabMissionUITests;
				PRODUCT_NAME = "$(TARGET_NAME)";
				SWIFT_VERSION = 5.0;
				TARGETED_DEVICE_FAMILY = "1,2";
				TEST_TARGET_NAME = TabMission;
			};
			name = Debug;
		};
		DB7204A1251D92E800662CC6 /* Release */ = {
			isa = XCBuildConfiguration;
			buildSettings = {
				ALWAYS_EMBED_SWIFT_STANDARD_LIBRARIES = YES;
				CODE_SIGN_STYLE = Automatic;
				DEVELOPMENT_TEAM = 8JNY38S9UY;
				INFOPLIST_FILE = TabMissionUITests/Info.plist;
				LD_RUNPATH_SEARCH_PATHS = (
					"$(inherited)",
					"@executable_path/Frameworks",
					"@loader_path/Frameworks",
				);
				PRODUCT_BUNDLE_IDENTIFIER = Younhong.TabMissionUITests;
				PRODUCT_NAME = "$(TARGET_NAME)";
				SWIFT_VERSION = 5.0;
				TARGETED_DEVICE_FAMILY = "1,2";
				TEST_TARGET_NAME = TabMission;
			};
			name = Release;
		};
/* End XCBuildConfiguration section */

/* Begin XCConfigurationList section */
		DB72046A251D92E400662CC6 /* Build configuration list for PBXProject "TabMission" */ = {
			isa = XCConfigurationList;
			buildConfigurations = (
				DB720497251D92E800662CC6 /* Debug */,
				DB720498251D92E800662CC6 /* Release */,
			);
			defaultConfigurationIsVisible = 0;
			defaultConfigurationName = Release;
		};
		DB720499251D92E800662CC6 /* Build configuration list for PBXNativeTarget "TabMission" */ = {
			isa = XCConfigurationList;
			buildConfigurations = (
				DB72049A251D92E800662CC6 /* Debug */,
				DB72049B251D92E800662CC6 /* Release */,
			);
			defaultConfigurationIsVisible = 0;
			defaultConfigurationName = Release;
		};
		DB72049C251D92E800662CC6 /* Build configuration list for PBXNativeTarget "TabMissionTests" */ = {
			isa = XCConfigurationList;
			buildConfigurations = (
				DB72049D251D92E800662CC6 /* Debug */,
				DB72049E251D92E800662CC6 /* Release */,
			);
			defaultConfigurationIsVisible = 0;
			defaultConfigurationName = Release;
		};
		DB72049F251D92E800662CC6 /* Build configuration list for PBXNativeTarget "TabMissionUITests" */ = {
			isa = XCConfigurationList;
			buildConfigurations = (
				DB7204A0251D92E800662CC6 /* Debug */,
				DB7204A1251D92E800662CC6 /* Release */,
			);
			defaultConfigurationIsVisible = 0;
			defaultConfigurationName = Release;
		};
/* End XCConfigurationList section */
	};
	rootObject = DB720467251D92E400662CC6 /* Project object */;
}
