// !$*UTF8*$!
{
	archiveVersion = 1;
	classes = {
	};
	objectVersion = 50;
	objects = {

/* Begin PBXBuildFile section */
		DB0E49FD25207C7F00FAEECF /* AppDelegate.swift in Sources */ = {isa = PBXBuildFile; fileRef = DB0E49FC25207C7F00FAEECF /* AppDelegate.swift */; };
		DB0E49FF25207C7F00FAEECF /* SceneDelegate.swift in Sources */ = {isa = PBXBuildFile; fileRef = DB0E49FE25207C7F00FAEECF /* SceneDelegate.swift */; };
		DB0E4A0125207C7F00FAEECF /* ViewController.swift in Sources */ = {isa = PBXBuildFile; fileRef = DB0E4A0025207C7F00FAEECF /* ViewController.swift */; };
		DB0E4A0425207C7F00FAEECF /* Main.storyboard in Resources */ = {isa = PBXBuildFile; fileRef = DB0E4A0225207C7F00FAEECF /* Main.storyboard */; };
		DB0E4A0625207C8300FAEECF /* Assets.xcassets in Resources */ = {isa = PBXBuildFile; fileRef = DB0E4A0525207C8300FAEECF /* Assets.xcassets */; };
		DB0E4A0925207C8300FAEECF /* LaunchScreen.storyboard in Resources */ = {isa = PBXBuildFile; fileRef = DB0E4A0725207C8300FAEECF /* LaunchScreen.storyboard */; };
		DB0E4A1425207C8300FAEECF /* AutoLayoutTests.swift in Sources */ = {isa = PBXBuildFile; fileRef = DB0E4A1325207C8300FAEECF /* AutoLayoutTests.swift */; };
		DB0E4A1F25207C8300FAEECF /* AutoLayoutUITests.swift in Sources */ = {isa = PBXBuildFile; fileRef = DB0E4A1E25207C8300FAEECF /* AutoLayoutUITests.swift */; };
		DB0E4A3025207CD300FAEECF /* 01.png in Resources */ = {isa = PBXBuildFile; fileRef = DB0E4A2F25207CD300FAEECF /* 01.png */; };
/* End PBXBuildFile section */

/* Begin PBXContainerItemProxy section */
		DB0E4A1025207C8300FAEECF /* PBXContainerItemProxy */ = {
			isa = PBXContainerItemProxy;
			containerPortal = DB0E49F125207C7F00FAEECF /* Project object */;
			proxyType = 1;
			remoteGlobalIDString = DB0E49F825207C7F00FAEECF;
			remoteInfo = AutoLayout;
		};
		DB0E4A1B25207C8300FAEECF /* PBXContainerItemProxy */ = {
			isa = PBXContainerItemProxy;
			containerPortal = DB0E49F125207C7F00FAEECF /* Project object */;
			proxyType = 1;
			remoteGlobalIDString = DB0E49F825207C7F00FAEECF;
			remoteInfo = AutoLayout;
		};
/* End PBXContainerItemProxy section */

/* Begin PBXFileReference section */
		DB0E49F925207C7F00FAEECF /* AutoLayout.app */ = {isa = PBXFileReference; explicitFileType = wrapper.application; includeInIndex = 0; path = AutoLayout.app; sourceTree = BUILT_PRODUCTS_DIR; };
		DB0E49FC25207C7F00FAEECF /* AppDelegate.swift */ = {isa = PBXFileReference; lastKnownFileType = sourcecode.swift; path = AppDelegate.swift; sourceTree = "<group>"; };
		DB0E49FE25207C7F00FAEECF /* SceneDelegate.swift */ = {isa = PBXFileReference; lastKnownFileType = sourcecode.swift; path = SceneDelegate.swift; sourceTree = "<group>"; };
		DB0E4A0025207C7F00FAEECF /* ViewController.swift */ = {isa = PBXFileReference; lastKnownFileType = sourcecode.swift; path = ViewController.swift; sourceTree = "<group>"; };
		DB0E4A0325207C7F00FAEECF /* Base */ = {isa = PBXFileReference; lastKnownFileType = file.storyboard; name = Base; path = Base.lproj/Main.storyboard; sourceTree = "<group>"; };
		DB0E4A0525207C8300FAEECF /* Assets.xcassets */ = {isa = PBXFileReference; lastKnownFileType = folder.assetcatalog; path = Assets.xcassets; sourceTree = "<group>"; };
		DB0E4A0825207C8300FAEECF /* Base */ = {isa = PBXFileReference; lastKnownFileType = file.storyboard; name = Base; path = Base.lproj/LaunchScreen.storyboard; sourceTree = "<group>"; };
		DB0E4A0A25207C8300FAEECF /* Info.plist */ = {isa = PBXFileReference; lastKnownFileType = text.plist.xml; path = Info.plist; sourceTree = "<group>"; };
		DB0E4A0F25207C8300FAEECF /* AutoLayoutTests.xctest */ = {isa = PBXFileReference; explicitFileType = wrapper.cfbundle; includeInIndex = 0; path = AutoLayoutTests.xctest; sourceTree = BUILT_PRODUCTS_DIR; };
		DB0E4A1325207C8300FAEECF /* AutoLayoutTests.swift */ = {isa = PBXFileReference; lastKnownFileType = sourcecode.swift; path = AutoLayoutTests.swift; sourceTree = "<group>"; };
		DB0E4A1525207C8300FAEECF /* Info.plist */ = {isa = PBXFileReference; lastKnownFileType = text.plist.xml; path = Info.plist; sourceTree = "<group>"; };
		DB0E4A1A25207C8300FAEECF /* AutoLayoutUITests.xctest */ = {isa = PBXFileReference; explicitFileType = wrapper.cfbundle; includeInIndex = 0; path = AutoLayoutUITests.xctest; sourceTree = BUILT_PRODUCTS_DIR; };
		DB0E4A1E25207C8300FAEECF /* AutoLayoutUITests.swift */ = {isa = PBXFileReference; lastKnownFileType = sourcecode.swift; path = AutoLayoutUITests.swift; sourceTree = "<group>"; };
		DB0E4A2025207C8300FAEECF /* Info.plist */ = {isa = PBXFileReference; lastKnownFileType = text.plist.xml; path = Info.plist; sourceTree = "<group>"; };
		DB0E4A2F25207CD300FAEECF /* 01.png */ = {isa = PBXFileReference; lastKnownFileType = image.png; path = 01.png; sourceTree = "<group>"; };
/* End PBXFileReference section */

/* Begin PBXFrameworksBuildPhase section */
		DB0E49F625207C7F00FAEECF /* Frameworks */ = {
			isa = PBXFrameworksBuildPhase;
			buildActionMask = 2147483647;
			files = (
			);
			runOnlyForDeploymentPostprocessing = 0;
		};
		DB0E4A0C25207C8300FAEECF /* Frameworks */ = {
			isa = PBXFrameworksBuildPhase;
			buildActionMask = 2147483647;
			files = (
			);
			runOnlyForDeploymentPostprocessing = 0;
		};
		DB0E4A1725207C8300FAEECF /* Frameworks */ = {
			isa = PBXFrameworksBuildPhase;
			buildActionMask = 2147483647;
			files = (
			);
			runOnlyForDeploymentPostprocessing = 0;
		};
/* End PBXFrameworksBuildPhase section */

/* Begin PBXGroup section */
		DB0E49F025207C7F00FAEECF = {
			isa = PBXGroup;
			children = (
				DB0E49FB25207C7F00FAEECF /* AutoLayout */,
				DB0E4A1225207C8300FAEECF /* AutoLayoutTests */,
				DB0E4A1D25207C8300FAEECF /* AutoLayoutUITests */,
				DB0E49FA25207C7F00FAEECF /* Products */,
			);
			sourceTree = "<group>";
		};
		DB0E49FA25207C7F00FAEECF /* Products */ = {
			isa = PBXGroup;
			children = (
				DB0E49F925207C7F00FAEECF /* AutoLayout.app */,
				DB0E4A0F25207C8300FAEECF /* AutoLayoutTests.xctest */,
				DB0E4A1A25207C8300FAEECF /* AutoLayoutUITests.xctest */,
			);
			name = Products;
			sourceTree = "<group>";
		};
		DB0E49FB25207C7F00FAEECF /* AutoLayout */ = {
			isa = PBXGroup;
			children = (
				DB0E4A2F25207CD300FAEECF /* 01.png */,
				DB0E49FC25207C7F00FAEECF /* AppDelegate.swift */,
				DB0E49FE25207C7F00FAEECF /* SceneDelegate.swift */,
				DB0E4A0025207C7F00FAEECF /* ViewController.swift */,
				DB0E4A0225207C7F00FAEECF /* Main.storyboard */,
				DB0E4A0525207C8300FAEECF /* Assets.xcassets */,
				DB0E4A0725207C8300FAEECF /* LaunchScreen.storyboard */,
				DB0E4A0A25207C8300FAEECF /* Info.plist */,
			);
			path = AutoLayout;
			sourceTree = "<group>";
		};
		DB0E4A1225207C8300FAEECF /* AutoLayoutTests */ = {
			isa = PBXGroup;
			children = (
				DB0E4A1325207C8300FAEECF /* AutoLayoutTests.swift */,
				DB0E4A1525207C8300FAEECF /* Info.plist */,
			);
			path = AutoLayoutTests;
			sourceTree = "<group>";
		};
		DB0E4A1D25207C8300FAEECF /* AutoLayoutUITests */ = {
			isa = PBXGroup;
			children = (
				DB0E4A1E25207C8300FAEECF /* AutoLayoutUITests.swift */,
				DB0E4A2025207C8300FAEECF /* Info.plist */,
			);
			path = AutoLayoutUITests;
			sourceTree = "<group>";
		};
/* End PBXGroup section */

/* Begin PBXNativeTarget section */
		DB0E49F825207C7F00FAEECF /* AutoLayout */ = {
			isa = PBXNativeTarget;
			buildConfigurationList = DB0E4A2325207C8300FAEECF /* Build configuration list for PBXNativeTarget "AutoLayout" */;
			buildPhases = (
				DB0E49F525207C7F00FAEECF /* Sources */,
				DB0E49F625207C7F00FAEECF /* Frameworks */,
				DB0E49F725207C7F00FAEECF /* Resources */,
			);
			buildRules = (
			);
			dependencies = (
			);
			name = AutoLayout;
			productName = AutoLayout;
			productReference = DB0E49F925207C7F00FAEECF /* AutoLayout.app */;
			productType = "com.apple.product-type.application";
		};
		DB0E4A0E25207C8300FAEECF /* AutoLayoutTests */ = {
			isa = PBXNativeTarget;
			buildConfigurationList = DB0E4A2625207C8300FAEECF /* Build configuration list for PBXNativeTarget "AutoLayoutTests" */;
			buildPhases = (
				DB0E4A0B25207C8300FAEECF /* Sources */,
				DB0E4A0C25207C8300FAEECF /* Frameworks */,
				DB0E4A0D25207C8300FAEECF /* Resources */,
			);
			buildRules = (
			);
			dependencies = (
				DB0E4A1125207C8300FAEECF /* PBXTargetDependency */,
			);
			name = AutoLayoutTests;
			productName = AutoLayoutTests;
			productReference = DB0E4A0F25207C8300FAEECF /* AutoLayoutTests.xctest */;
			productType = "com.apple.product-type.bundle.unit-test";
		};
		DB0E4A1925207C8300FAEECF /* AutoLayoutUITests */ = {
			isa = PBXNativeTarget;
			buildConfigurationList = DB0E4A2925207C8300FAEECF /* Build configuration list for PBXNativeTarget "AutoLayoutUITests" */;
			buildPhases = (
				DB0E4A1625207C8300FAEECF /* Sources */,
				DB0E4A1725207C8300FAEECF /* Frameworks */,
				DB0E4A1825207C8300FAEECF /* Resources */,
			);
			buildRules = (
			);
			dependencies = (
				DB0E4A1C25207C8300FAEECF /* PBXTargetDependency */,
			);
			name = AutoLayoutUITests;
			productName = AutoLayoutUITests;
			productReference = DB0E4A1A25207C8300FAEECF /* AutoLayoutUITests.xctest */;
			productType = "com.apple.product-type.bundle.ui-testing";
		};
/* End PBXNativeTarget section */

/* Begin PBXProject section */
		DB0E49F125207C7F00FAEECF /* Project object */ = {
			isa = PBXProject;
			attributes = {
				LastSwiftUpdateCheck = 1200;
				LastUpgradeCheck = 1200;
				TargetAttributes = {
					DB0E49F825207C7F00FAEECF = {
						CreatedOnToolsVersion = 12.0.1;
					};
					DB0E4A0E25207C8300FAEECF = {
						CreatedOnToolsVersion = 12.0.1;
						TestTargetID = DB0E49F825207C7F00FAEECF;
					};
					DB0E4A1925207C8300FAEECF = {
						CreatedOnToolsVersion = 12.0.1;
						TestTargetID = DB0E49F825207C7F00FAEECF;
					};
				};
			};
			buildConfigurationList = DB0E49F425207C7F00FAEECF /* Build configuration list for PBXProject "AutoLayout" */;
			compatibilityVersion = "Xcode 9.3";
			developmentRegion = en;
			hasScannedForEncodings = 0;
			knownRegions = (
				en,
				Base,
			);
			mainGroup = DB0E49F025207C7F00FAEECF;
			productRefGroup = DB0E49FA25207C7F00FAEECF /* Products */;
			projectDirPath = "";
			projectRoot = "";
			targets = (
				DB0E49F825207C7F00FAEECF /* AutoLayout */,
				DB0E4A0E25207C8300FAEECF /* AutoLayoutTests */,
				DB0E4A1925207C8300FAEECF /* AutoLayoutUITests */,
			);
		};
/* End PBXProject section */

/* Begin PBXResourcesBuildPhase section */
		DB0E49F725207C7F00FAEECF /* Resources */ = {
			isa = PBXResourcesBuildPhase;
			buildActionMask = 2147483647;
			files = (
				DB0E4A0925207C8300FAEECF /* LaunchScreen.storyboard in Resources */,
				DB0E4A0625207C8300FAEECF /* Assets.xcassets in Resources */,
				DB0E4A3025207CD300FAEECF /* 01.png in Resources */,
				DB0E4A0425207C7F00FAEECF /* Main.storyboard in Resources */,
			);
			runOnlyForDeploymentPostprocessing = 0;
		};
		DB0E4A0D25207C8300FAEECF /* Resources */ = {
			isa = PBXResourcesBuildPhase;
			buildActionMask = 2147483647;
			files = (
			);
			runOnlyForDeploymentPostprocessing = 0;
		};
		DB0E4A1825207C8300FAEECF /* Resources */ = {
			isa = PBXResourcesBuildPhase;
			buildActionMask = 2147483647;
			files = (
			);
			runOnlyForDeploymentPostprocessing = 0;
		};
/* End PBXResourcesBuildPhase section */

/* Begin PBXSourcesBuildPhase section */
		DB0E49F525207C7F00FAEECF /* Sources */ = {
			isa = PBXSourcesBuildPhase;
			buildActionMask = 2147483647;
			files = (
				DB0E4A0125207C7F00FAEECF /* ViewController.swift in Sources */,
				DB0E49FD25207C7F00FAEECF /* AppDelegate.swift in Sources */,
				DB0E49FF25207C7F00FAEECF /* SceneDelegate.swift in Sources */,
			);
			runOnlyForDeploymentPostprocessing = 0;
		};
		DB0E4A0B25207C8300FAEECF /* Sources */ = {
			isa = PBXSourcesBuildPhase;
			buildActionMask = 2147483647;
			files = (
				DB0E4A1425207C8300FAEECF /* AutoLayoutTests.swift in Sources */,
			);
			runOnlyForDeploymentPostprocessing = 0;
		};
		DB0E4A1625207C8300FAEECF /* Sources */ = {
			isa = PBXSourcesBuildPhase;
			buildActionMask = 2147483647;
			files = (
				DB0E4A1F25207C8300FAEECF /* AutoLayoutUITests.swift in Sources */,
			);
			runOnlyForDeploymentPostprocessing = 0;
		};
/* End PBXSourcesBuildPhase section */

/* Begin PBXTargetDependency section */
		DB0E4A1125207C8300FAEECF /* PBXTargetDependency */ = {
			isa = PBXTargetDependency;
			target = DB0E49F825207C7F00FAEECF /* AutoLayout */;
			targetProxy = DB0E4A1025207C8300FAEECF /* PBXContainerItemProxy */;
		};
		DB0E4A1C25207C8300FAEECF /* PBXTargetDependency */ = {
			isa = PBXTargetDependency;
			target = DB0E49F825207C7F00FAEECF /* AutoLayout */;
			targetProxy = DB0E4A1B25207C8300FAEECF /* PBXContainerItemProxy */;
		};
/* End PBXTargetDependency section */

/* Begin PBXVariantGroup section */
		DB0E4A0225207C7F00FAEECF /* Main.storyboard */ = {
			isa = PBXVariantGroup;
			children = (
				DB0E4A0325207C7F00FAEECF /* Base */,
			);
			name = Main.storyboard;
			sourceTree = "<group>";
		};
		DB0E4A0725207C8300FAEECF /* LaunchScreen.storyboard */ = {
			isa = PBXVariantGroup;
			children = (
				DB0E4A0825207C8300FAEECF /* Base */,
			);
			name = LaunchScreen.storyboard;
			sourceTree = "<group>";
		};
/* End PBXVariantGroup section */

/* Begin XCBuildConfiguration section */
		DB0E4A2125207C8300FAEECF /* Debug */ = {
			isa = XCBuildConfiguration;
			buildSettings = {
				ALWAYS_SEARCH_USER_PATHS = NO;
				CLANG_ANALYZER_NONNULL = YES;
				CLANG_ANALYZER_NUMBER_OBJECT_CONVERSION = YES_AGGRESSIVE;
				CLANG_CXX_LANGUAGE_STANDARD = "gnu++14";
				CLANG_CXX_LIBRARY = "libc++";
				CLANG_ENABLE_MODULES = YES;
				CLANG_ENABLE_OBJC_ARC = YES;
				CLANG_ENABLE_OBJC_WEAK = YES;
				CLANG_WARN_BLOCK_CAPTURE_AUTORELEASING = YES;
				CLANG_WARN_BOOL_CONVERSION = YES;
				CLANG_WARN_COMMA = YES;
				CLANG_WARN_CONSTANT_CONVERSION = YES;
				CLANG_WARN_DEPRECATED_OBJC_IMPLEMENTATIONS = YES;
				CLANG_WARN_DIRECT_OBJC_ISA_USAGE = YES_ERROR;
				CLANG_WARN_DOCUMENTATION_COMMENTS = YES;
				CLANG_WARN_EMPTY_BODY = YES;
				CLANG_WARN_ENUM_CONVERSION = YES;
				CLANG_WARN_INFINITE_RECURSION = YES;
				CLANG_WARN_INT_CONVERSION = YES;
				CLANG_WARN_NON_LITERAL_NULL_CONVERSION = YES;
				CLANG_WARN_OBJC_IMPLICIT_RETAIN_SELF = YES;
				CLANG_WARN_OBJC_LITERAL_CONVERSION = YES;
				CLANG_WARN_OBJC_ROOT_CLASS = YES_ERROR;
				CLANG_WARN_QUOTED_INCLUDE_IN_FRAMEWORK_HEADER = YES;
				CLANG_WARN_RANGE_LOOP_ANALYSIS = YES;
				CLANG_WARN_STRICT_PROTOTYPES = YES;
				CLANG_WARN_SUSPICIOUS_MOVE = YES;
				CLANG_WARN_UNGUARDED_AVAILABILITY = YES_AGGRESSIVE;
				CLANG_WARN_UNREACHABLE_CODE = YES;
				CLANG_WARN__DUPLICATE_METHOD_MATCH = YES;
				COPY_PHASE_STRIP = NO;
				DEBUG_INFORMATION_FORMAT = dwarf;
				ENABLE_STRICT_OBJC_MSGSEND = YES;
				ENABLE_TESTABILITY = YES;
				GCC_C_LANGUAGE_STANDARD = gnu11;
				GCC_DYNAMIC_NO_PIC = NO;
				GCC_NO_COMMON_BLOCKS = YES;
				GCC_OPTIMIZATION_LEVEL = 0;
				GCC_PREPROCESSOR_DEFINITIONS = (
					"DEBUG=1",
					"$(inherited)",
				);
				GCC_WARN_64_TO_32_BIT_CONVERSION = YES;
				GCC_WARN_ABOUT_RETURN_TYPE = YES_ERROR;
				GCC_WARN_UNDECLARED_SELECTOR = YES;
				GCC_WARN_UNINITIALIZED_AUTOS = YES_AGGRESSIVE;
				GCC_WARN_UNUSED_FUNCTION = YES;
				GCC_WARN_UNUSED_VARIABLE = YES;
				IPHONEOS_DEPLOYMENT_TARGET = 14.0;
				MTL_ENABLE_DEBUG_INFO = INCLUDE_SOURCE;
				MTL_FAST_MATH = YES;
				ONLY_ACTIVE_ARCH = YES;
				SDKROOT = iphoneos;
				SWIFT_ACTIVE_COMPILATION_CONDITIONS = DEBUG;
				SWIFT_OPTIMIZATION_LEVEL = "-Onone";
			};
			name = Debug;
		};
		DB0E4A2225207C8300FAEECF /* Release */ = {
			isa = XCBuildConfiguration;
			buildSettings = {
				ALWAYS_SEARCH_USER_PATHS = NO;
				CLANG_ANALYZER_NONNULL = YES;
				CLANG_ANALYZER_NUMBER_OBJECT_CONVERSION = YES_AGGRESSIVE;
				CLANG_CXX_LANGUAGE_STANDARD = "gnu++14";
				CLANG_CXX_LIBRARY = "libc++";
				CLANG_ENABLE_MODULES = YES;
				CLANG_ENABLE_OBJC_ARC = YES;
				CLANG_ENABLE_OBJC_WEAK = YES;
				CLANG_WARN_BLOCK_CAPTURE_AUTORELEASING = YES;
				CLANG_WARN_BOOL_CONVERSION = YES;
				CLANG_WARN_COMMA = YES;
				CLANG_WARN_CONSTANT_CONVERSION = YES;
				CLANG_WARN_DEPRECATED_OBJC_IMPLEMENTATIONS = YES;
				CLANG_WARN_DIRECT_OBJC_ISA_USAGE = YES_ERROR;
				CLANG_WARN_DOCUMENTATION_COMMENTS = YES;
				CLANG_WARN_EMPTY_BODY = YES;
				CLANG_WARN_ENUM_CONVERSION = YES;
				CLANG_WARN_INFINITE_RECURSION = YES;
				CLANG_WARN_INT_CONVERSION = YES;
				CLANG_WARN_NON_LITERAL_NULL_CONVERSION = YES;
				CLANG_WARN_OBJC_IMPLICIT_RETAIN_SELF = YES;
				CLANG_WARN_OBJC_LITERAL_CONVERSION = YES;
				CLANG_WARN_OBJC_ROOT_CLASS = YES_ERROR;
				CLANG_WARN_QUOTED_INCLUDE_IN_FRAMEWORK_HEADER = YES;
				CLANG_WARN_RANGE_LOOP_ANALYSIS = YES;
				CLANG_WARN_STRICT_PROTOTYPES = YES;
				CLANG_WARN_SUSPICIOUS_MOVE = YES;
				CLANG_WARN_UNGUARDED_AVAILABILITY = YES_AGGRESSIVE;
				CLANG_WARN_UNREACHABLE_CODE = YES;
				CLANG_WARN__DUPLICATE_METHOD_MATCH = YES;
				COPY_PHASE_STRIP = NO;
				DEBUG_INFORMATION_FORMAT = "dwarf-with-dsym";
				ENABLE_NS_ASSERTIONS = NO;
				ENABLE_STRICT_OBJC_MSGSEND = YES;
				GCC_C_LANGUAGE_STANDARD = gnu11;
				GCC_NO_COMMON_BLOCKS = YES;
				GCC_WARN_64_TO_32_BIT_CONVERSION = YES;
				GCC_WARN_ABOUT_RETURN_TYPE = YES_ERROR;
				GCC_WARN_UNDECLARED_SELECTOR = YES;
				GCC_WARN_UNINITIALIZED_AUTOS = YES_AGGRESSIVE;
				GCC_WARN_UNUSED_FUNCTION = YES;
				GCC_WARN_UNUSED_VARIABLE = YES;
				IPHONEOS_DEPLOYMENT_TARGET = 14.0;
				MTL_ENABLE_DEBUG_INFO = NO;
				MTL_FAST_MATH = YES;
				SDKROOT = iphoneos;
				SWIFT_COMPILATION_MODE = wholemodule;
				SWIFT_OPTIMIZATION_LEVEL = "-O";
				VALIDATE_PRODUCT = YES;
			};
			name = Release;
		};
		DB0E4A2425207C8300FAEECF /* Debug */ = {
			isa = XCBuildConfiguration;
			buildSettings = {
				ASSETCATALOG_COMPILER_APPICON_NAME = AppIcon;
				ASSETCATALOG_COMPILER_GLOBAL_ACCENT_COLOR_NAME = AccentColor;
				CODE_SIGN_STYLE = Automatic;
				DEVELOPMENT_TEAM = 8JNY38S9UY;
				INFOPLIST_FILE = AutoLayout/Info.plist;
				LD_RUNPATH_SEARCH_PATHS = (
					"$(inherited)",
					"@executable_path/Frameworks",
				);
				PRODUCT_BUNDLE_IDENTIFIER = Younhong.AutoLayout;
				PRODUCT_NAME = "$(TARGET_NAME)";
				SWIFT_VERSION = 5.0;
				TARGETED_DEVICE_FAMILY = "1,2";
			};
			name = Debug;
		};
		DB0E4A2525207C8300FAEECF /* Release */ = {
			isa = XCBuildConfiguration;
			buildSettings = {
				ASSETCATALOG_COMPILER_APPICON_NAME = AppIcon;
				ASSETCATALOG_COMPILER_GLOBAL_ACCENT_COLOR_NAME = AccentColor;
				CODE_SIGN_STYLE = Automatic;
				DEVELOPMENT_TEAM = 8JNY38S9UY;
				INFOPLIST_FILE = AutoLayout/Info.plist;
				LD_RUNPATH_SEARCH_PATHS = (
					"$(inherited)",
					"@executable_path/Frameworks",
				);
				PRODUCT_BUNDLE_IDENTIFIER = Younhong.AutoLayout;
				PRODUCT_NAME = "$(TARGET_NAME)";
				SWIFT_VERSION = 5.0;
				TARGETED_DEVICE_FAMILY = "1,2";
			};
			name = Release;
		};
		DB0E4A2725207C8300FAEECF /* Debug */ = {
			isa = XCBuildConfiguration;
			buildSettings = {
				ALWAYS_EMBED_SWIFT_STANDARD_LIBRARIES = YES;
				BUNDLE_LOADER = "$(TEST_HOST)";
				CODE_SIGN_STYLE = Automatic;
				DEVELOPMENT_TEAM = 8JNY38S9UY;
				INFOPLIST_FILE = AutoLayoutTests/Info.plist;
				IPHONEOS_DEPLOYMENT_TARGET = 14.0;
				LD_RUNPATH_SEARCH_PATHS = (
					"$(inherited)",
					"@executable_path/Frameworks",
					"@loader_path/Frameworks",
				);
				PRODUCT_BUNDLE_IDENTIFIER = Younhong.AutoLayoutTests;
				PRODUCT_NAME = "$(TARGET_NAME)";
				SWIFT_VERSION = 5.0;
				TARGETED_DEVICE_FAMILY = "1,2";
				TEST_HOST = "$(BUILT_PRODUCTS_DIR)/AutoLayout.app/AutoLayout";
			};
			name = Debug;
		};
		DB0E4A2825207C8300FAEECF /* Release */ = {
			isa = XCBuildConfiguration;
			buildSettings = {
				ALWAYS_EMBED_SWIFT_STANDARD_LIBRARIES = YES;
				BUNDLE_LOADER = "$(TEST_HOST)";
				CODE_SIGN_STYLE = Automatic;
				DEVELOPMENT_TEAM = 8JNY38S9UY;
				INFOPLIST_FILE = AutoLayoutTests/Info.plist;
				IPHONEOS_DEPLOYMENT_TARGET = 14.0;
				LD_RUNPATH_SEARCH_PATHS = (
					"$(inherited)",
					"@executable_path/Frameworks",
					"@loader_path/Frameworks",
				);
				PRODUCT_BUNDLE_IDENTIFIER = Younhong.AutoLayoutTests;
				PRODUCT_NAME = "$(TARGET_NAME)";
				SWIFT_VERSION = 5.0;
				TARGETED_DEVICE_FAMILY = "1,2";
				TEST_HOST = "$(BUILT_PRODUCTS_DIR)/AutoLayout.app/AutoLayout";
			};
			name = Release;
		};
		DB0E4A2A25207C8300FAEECF /* Debug */ = {
			isa = XCBuildConfiguration;
			buildSettings = {
				ALWAYS_EMBED_SWIFT_STANDARD_LIBRARIES = YES;
				CODE_SIGN_STYLE = Automatic;
				DEVELOPMENT_TEAM = 8JNY38S9UY;
				INFOPLIST_FILE = AutoLayoutUITests/Info.plist;
				LD_RUNPATH_SEARCH_PATHS = (
					"$(inherited)",
					"@executable_path/Frameworks",
					"@loader_path/Frameworks",
				);
				PRODUCT_BUNDLE_IDENTIFIER = Younhong.AutoLayoutUITests;
				PRODUCT_NAME = "$(TARGET_NAME)";
				SWIFT_VERSION = 5.0;
				TARGETED_DEVICE_FAMILY = "1,2";
				TEST_TARGET_NAME = AutoLayout;
			};
			name = Debug;
		};
		DB0E4A2B25207C8300FAEECF /* Release */ = {
			isa = XCBuildConfiguration;
			buildSettings = {
				ALWAYS_EMBED_SWIFT_STANDARD_LIBRARIES = YES;
				CODE_SIGN_STYLE = Automatic;
				DEVELOPMENT_TEAM = 8JNY38S9UY;
				INFOPLIST_FILE = AutoLayoutUITests/Info.plist;
				LD_RUNPATH_SEARCH_PATHS = (
					"$(inherited)",
					"@executable_path/Frameworks",
					"@loader_path/Frameworks",
				);
				PRODUCT_BUNDLE_IDENTIFIER = Younhong.AutoLayoutUITests;
				PRODUCT_NAME = "$(TARGET_NAME)";
				SWIFT_VERSION = 5.0;
				TARGETED_DEVICE_FAMILY = "1,2";
				TEST_TARGET_NAME = AutoLayout;
			};
			name = Release;
		};
/* End XCBuildConfiguration section */

/* Begin XCConfigurationList section */
		DB0E49F425207C7F00FAEECF /* Build configuration list for PBXProject "AutoLayout" */ = {
			isa = XCConfigurationList;
			buildConfigurations = (
				DB0E4A2125207C8300FAEECF /* Debug */,
				DB0E4A2225207C8300FAEECF /* Release */,
			);
			defaultConfigurationIsVisible = 0;
			defaultConfigurationName = Release;
		};
		DB0E4A2325207C8300FAEECF /* Build configuration list for PBXNativeTarget "AutoLayout" */ = {
			isa = XCConfigurationList;
			buildConfigurations = (
				DB0E4A2425207C8300FAEECF /* Debug */,
				DB0E4A2525207C8300FAEECF /* Release */,
			);
			defaultConfigurationIsVisible = 0;
			defaultConfigurationName = Release;
		};
		DB0E4A2625207C8300FAEECF /* Build configuration list for PBXNativeTarget "AutoLayoutTests" */ = {
			isa = XCConfigurationList;
			buildConfigurations = (
				DB0E4A2725207C8300FAEECF /* Debug */,
				DB0E4A2825207C8300FAEECF /* Release */,
			);
			defaultConfigurationIsVisible = 0;
			defaultConfigurationName = Release;
		};
		DB0E4A2925207C8300FAEECF /* Build configuration list for PBXNativeTarget "AutoLayoutUITests" */ = {
			isa = XCConfigurationList;
			buildConfigurations = (
				DB0E4A2A25207C8300FAEECF /* Debug */,
				DB0E4A2B25207C8300FAEECF /* Release */,
			);
			defaultConfigurationIsVisible = 0;
			defaultConfigurationName = Release;
		};
/* End XCConfigurationList section */
	};
	rootObject = DB0E49F125207C7F00FAEECF /* Project object */;
}
